// !$*UTF8*$!
{
	archiveVersion = 1;
	classes = {
	};
	objectVersion = 55;
	objects = {

/* Begin PBXBuildFile section */
		EB059B4E28858FE10075AB21 /* KeychainAccess in Frameworks */ = {isa = PBXBuildFile; productRef = EB059B4D28858FE10075AB21 /* KeychainAccess */; };
		EB059B5028858FF70075AB21 /* SecureStorage.swift in Sources */ = {isa = PBXBuildFile; fileRef = EB059B4F28858FF70075AB21 /* SecureStorage.swift */; };
		EB1BE4BD28815B3700E5865B /* UIImage+Extensions.swift in Sources */ = {isa = PBXBuildFile; fileRef = EB1BE4BC28815B3700E5865B /* UIImage+Extensions.swift */; };
		EB1BE4BF2881608C00E5865B /* CoordinatorProtocol.swift in Sources */ = {isa = PBXBuildFile; fileRef = EB1BE4BE2881608C00E5865B /* CoordinatorProtocol.swift */; };
		EB1BE4C52881805200E5865B /* Coordinator.swift in Sources */ = {isa = PBXBuildFile; fileRef = EB1BE4C42881805200E5865B /* Coordinator.swift */; };
		EB2D166228AD00EB0023C71D /* QuizDifficultyNetworkModel.swift in Sources */ = {isa = PBXBuildFile; fileRef = EB2D166128AD00EB0023C71D /* QuizDifficultyNetworkModel.swift */; };
		EB4E61A5287DB92D009A64E7 /* SnapKit in Frameworks */ = {isa = PBXBuildFile; productRef = EB4E61A4287DB92D009A64E7 /* SnapKit */; };
		EB4E61A8287DBA84009A64E7 /* SourceSansPro-Regular.ttf in Resources */ = {isa = PBXBuildFile; fileRef = EB4E61A7287DBA84009A64E7 /* SourceSansPro-Regular.ttf */; };
		EB4E61AA287DBB20009A64E7 /* Fonts.swift in Sources */ = {isa = PBXBuildFile; fileRef = EB4E61A9287DBB20009A64E7 /* Fonts.swift */; };
		EB4E61AC287DBDD7009A64E7 /* SourceSansPro-Bold.ttf in Resources */ = {isa = PBXBuildFile; fileRef = EB4E61AB287DBDD7009A64E7 /* SourceSansPro-Bold.ttf */; };
		EB4E61AF287DC594009A64E7 /* ConstructViewsProtocol.swift in Sources */ = {isa = PBXBuildFile; fileRef = EB4E61AE287DC594009A64E7 /* ConstructViewsProtocol.swift */; };
		EB6D39AA28C88A8C0060390A /* QuizSection.swift in Sources */ = {isa = PBXBuildFile; fileRef = EB6D39A928C88A8C0060390A /* QuizSection.swift */; };
		EB6E283A288EB61E002D8198 /* DifficultyView.swift in Sources */ = {isa = PBXBuildFile; fileRef = EB6E2839288EB61E002D8198 /* DifficultyView.swift */; };
		EB87B0512892789B00BE1A39 /* QuizUseCase.swift in Sources */ = {isa = PBXBuildFile; fileRef = EB87B0502892789B00BE1A39 /* QuizUseCase.swift */; };
		EB87B0532892794000BE1A39 /* QuizModel.swift in Sources */ = {isa = PBXBuildFile; fileRef = EB87B0522892794000BE1A39 /* QuizModel.swift */; };
		EB8E118D28916838000605B4 /* QuizRequestBody.swift in Sources */ = {isa = PBXBuildFile; fileRef = EB8E118C28916838000605B4 /* QuizRequestBody.swift */; };
		EB8E118F2891685C000605B4 /* QuizNetworkClient.swift in Sources */ = {isa = PBXBuildFile; fileRef = EB8E118E2891685C000605B4 /* QuizNetworkClient.swift */; };
		EB8E1191289168FE000605B4 /* QuizDataModel.swift in Sources */ = {isa = PBXBuildFile; fileRef = EB8E1190289168FE000605B4 /* QuizDataModel.swift */; };
		EB8E119328916ADE000605B4 /* QuizNetworkModel.swift in Sources */ = {isa = PBXBuildFile; fileRef = EB8E119228916ADE000605B4 /* QuizNetworkModel.swift */; };
		EB8E119528916B6D000605B4 /* QuizNetworkDataSource.swift in Sources */ = {isa = PBXBuildFile; fileRef = EB8E119428916B6D000605B4 /* QuizNetworkDataSource.swift */; };
		EB917E19287EB54C00ECD5AD /* UIColor+Extensions.swift in Sources */ = {isa = PBXBuildFile; fileRef = EB917E18287EB54C00ECD5AD /* UIColor+Extensions.swift */; };
		EB917E1C287ED42F00ECD5AD /* UIView+Extensions.swift in Sources */ = {isa = PBXBuildFile; fileRef = EB917E1B287ED42F00ECD5AD /* UIView+Extensions.swift */; };
		EB917E20287EF0E700ECD5AD /* SourceSansPro-SemiBold.ttf in Resources */ = {isa = PBXBuildFile; fileRef = EB917E1F287EF0E700ECD5AD /* SourceSansPro-SemiBold.ttf */; };
		EB917E23287EFDC200ECD5AD /* InputField.swift in Sources */ = {isa = PBXBuildFile; fileRef = EB917E22287EFDC200ECD5AD /* InputField.swift */; };
		EB93D9FE28BF594D00413031 /* QuizDetailsViewModel.swift in Sources */ = {isa = PBXBuildFile; fileRef = EB93D9FD28BF594D00413031 /* QuizDetailsViewModel.swift */; };
		EB93DA0028BF77AE00413031 /* UIImageView+Extensions.swift in Sources */ = {isa = PBXBuildFile; fileRef = EB93D9FF28BF77AE00413031 /* UIImageView+Extensions.swift */; };
		EB93DA0228BF78FB00413031 /* UILabel+Extensions.swift in Sources */ = {isa = PBXBuildFile; fileRef = EB93DA0128BF78FB00413031 /* UILabel+Extensions.swift */; };
		EB9476E528893C6700BC20C2 /* UserViewController.swift in Sources */ = {isa = PBXBuildFile; fileRef = EB9476E428893C6700BC20C2 /* UserViewController.swift */; };
		EB9476E8288990B100BC20C2 /* UserNetworkDataSource.swift in Sources */ = {isa = PBXBuildFile; fileRef = EB9476E7288990B100BC20C2 /* UserNetworkDataSource.swift */; };
		EB9476EB2889974800BC20C2 /* CheckNetworkClient.swift in Sources */ = {isa = PBXBuildFile; fileRef = EB9476EA2889974800BC20C2 /* CheckNetworkClient.swift */; };
		EB9BF849288E84E50031704D /* CategoryCell.swift in Sources */ = {isa = PBXBuildFile; fileRef = EB9BF848288E84E50031704D /* CategoryCell.swift */; };
		EB9BF84B288E98750031704D /* CategoryNetworkModel.swift in Sources */ = {isa = PBXBuildFile; fileRef = EB9BF84A288E98750031704D /* CategoryNetworkModel.swift */; };
		EB9BF84D288E9CD10031704D /* QuizListViewModel.swift in Sources */ = {isa = PBXBuildFile; fileRef = EB9BF84C288E9CD10031704D /* QuizListViewModel.swift */; };
		EB9BF850288EA3D40031704D /* QuizCell.swift in Sources */ = {isa = PBXBuildFile; fileRef = EB9BF84F288EA3D40031704D /* QuizCell.swift */; };
		EBA79D8128AB966300124183 /* CategoryDataModel.swift in Sources */ = {isa = PBXBuildFile; fileRef = EBA79D8028AB966300124183 /* CategoryDataModel.swift */; };
		EBA79D8328AB968600124183 /* CategoryModel.swift in Sources */ = {isa = PBXBuildFile; fileRef = EBA79D8228AB968600124183 /* CategoryModel.swift */; };
		EBA79D8528AB96A400124183 /* CategoryViewModel.swift in Sources */ = {isa = PBXBuildFile; fileRef = EBA79D8428AB96A400124183 /* CategoryViewModel.swift */; };
		EBA79D8728AB96CC00124183 /* QuizViewModel.swift in Sources */ = {isa = PBXBuildFile; fileRef = EBA79D8628AB96CC00124183 /* QuizViewModel.swift */; };
		EBADB54A28855B9D00F7EF81 /* NetworkClient.swift in Sources */ = {isa = PBXBuildFile; fileRef = EBADB54928855B9D00F7EF81 /* NetworkClient.swift */; };
		EBADB54C2885603A00F7EF81 /* LoginViewModel.swift in Sources */ = {isa = PBXBuildFile; fileRef = EBADB54B2885603A00F7EF81 /* LoginViewModel.swift */; };
		EBADB54F2885630F00F7EF81 /* LoginRequestBody.swift in Sources */ = {isa = PBXBuildFile; fileRef = EBADB54E2885630F00F7EF81 /* LoginRequestBody.swift */; };
		EBADB55128856E5E00F7EF81 /* LoginUseCase.swift in Sources */ = {isa = PBXBuildFile; fileRef = EBADB55028856E5E00F7EF81 /* LoginUseCase.swift */; };
		EBADB5542885893300F7EF81 /* NetworkingConstants.swift in Sources */ = {isa = PBXBuildFile; fileRef = EBADB5532885893300F7EF81 /* NetworkingConstants.swift */; };
		EBADB557288589B000F7EF81 /* LoginResponseModel.swift in Sources */ = {isa = PBXBuildFile; fileRef = EBADB556288589B000F7EF81 /* LoginResponseModel.swift */; };
		EBADB55928858C6100F7EF81 /* Endpoint.swift in Sources */ = {isa = PBXBuildFile; fileRef = EBADB55828858C6100F7EF81 /* Endpoint.swift */; };
		EBB6F6F6288AC2ED00790DC0 /* UserReqeustBody.swift in Sources */ = {isa = PBXBuildFile; fileRef = EBB6F6F5288AC2ED00790DC0 /* UserReqeustBody.swift */; };
		EBB6F6F8288AE67A00790DC0 /* UserModel.swift in Sources */ = {isa = PBXBuildFile; fileRef = EBB6F6F7288AE67A00790DC0 /* UserModel.swift */; };
		EBC3A84E28C6159F00805649 /* QuizSectionHeaderView.swift in Sources */ = {isa = PBXBuildFile; fileRef = EBC3A84D28C6159F00805649 /* QuizSectionHeaderView.swift */; };
		EBC9BC08287D6A6500052DF9 /* AppDelegate.swift in Sources */ = {isa = PBXBuildFile; fileRef = EBC9BC07287D6A6500052DF9 /* AppDelegate.swift */; };
		EBC9BC0A287D6A6500052DF9 /* SceneDelegate.swift in Sources */ = {isa = PBXBuildFile; fileRef = EBC9BC09287D6A6500052DF9 /* SceneDelegate.swift */; };
		EBC9BC0C287D6A6500052DF9 /* LoginViewController.swift in Sources */ = {isa = PBXBuildFile; fileRef = EBC9BC0B287D6A6500052DF9 /* LoginViewController.swift */; };
		EBC9BC11287D6A6600052DF9 /* Assets.xcassets in Resources */ = {isa = PBXBuildFile; fileRef = EBC9BC10287D6A6600052DF9 /* Assets.xcassets */; };
		EBC9BC14287D6A6600052DF9 /* LaunchScreen.storyboard in Resources */ = {isa = PBXBuildFile; fileRef = EBC9BC12287D6A6600052DF9 /* LaunchScreen.storyboard */; };
		EBCB41D62886A2890008C827 /* RequestError.swift in Sources */ = {isa = PBXBuildFile; fileRef = EBCB41D52886A2890008C827 /* RequestError.swift */; };
		EBCB41D92886A3850008C827 /* LoginNetworkClient.swift in Sources */ = {isa = PBXBuildFile; fileRef = EBCB41D82886A3850008C827 /* LoginNetworkClient.swift */; };
		EBCB41DB2886A9D40008C827 /* LoginDataSource.swift in Sources */ = {isa = PBXBuildFile; fileRef = EBCB41DA2886A9D40008C827 /* LoginDataSource.swift */; };
		EBCB41DD2886B2420008C827 /* ServiceFactory.swift in Sources */ = {isa = PBXBuildFile; fileRef = EBCB41DC2886B2420008C827 /* ServiceFactory.swift */; };
		EBCB41DF2886B5A00008C827 /* LoginDataModel.swift in Sources */ = {isa = PBXBuildFile; fileRef = EBCB41DE2886B5A00008C827 /* LoginDataModel.swift */; };
		EBCB41E22886F79A0008C827 /* LoginValidator.swift in Sources */ = {isa = PBXBuildFile; fileRef = EBCB41E12886F79A0008C827 /* LoginValidator.swift */; };
		EBCB41E42886FB210008C827 /* TypeAliases.swift in Sources */ = {isa = PBXBuildFile; fileRef = EBCB41E32886FB210008C827 /* TypeAliases.swift */; };
		EBCB41E72886FBCB0008C827 /* QuizListViewController.swift in Sources */ = {isa = PBXBuildFile; fileRef = EBCB41E62886FBCB0008C827 /* QuizListViewController.swift */; };
		EBD0F0F9288AA34600D34EA8 /* UserViewModel.swift in Sources */ = {isa = PBXBuildFile; fileRef = EBD0F0F8288AA34600D34EA8 /* UserViewModel.swift */; };
		EBD0F0FB288AA42800D34EA8 /* UserUseCase.swift in Sources */ = {isa = PBXBuildFile; fileRef = EBD0F0FA288AA42800D34EA8 /* UserUseCase.swift */; };
		EBD0F0FE288AA48700D34EA8 /* UserNetworkClient.swift in Sources */ = {isa = PBXBuildFile; fileRef = EBD0F0FD288AA48700D34EA8 /* UserNetworkClient.swift */; };
		EBD0F100288AA61C00D34EA8 /* UserResponseModel.swift in Sources */ = {isa = PBXBuildFile; fileRef = EBD0F0FF288AA61C00D34EA8 /* UserResponseModel.swift */; };
		EBD0F102288AB72600D34EA8 /* UserDataModel.swift in Sources */ = {isa = PBXBuildFile; fileRef = EBD0F101288AB72600D34EA8 /* UserDataModel.swift */; };
		EBDA9DD028AE19F300F6C230 /* QuizDifficultyDataModel.swift in Sources */ = {isa = PBXBuildFile; fileRef = EBDA9DCF28AE19F300F6C230 /* QuizDifficultyDataModel.swift */; };
		EBDA9DD228AE1A8A00F6C230 /* QuizDifficultyModel.swift in Sources */ = {isa = PBXBuildFile; fileRef = EBDA9DD128AE1A8A00F6C230 /* QuizDifficultyModel.swift */; };
		EBDA9DD428AE1AAA00F6C230 /* QuizDifficultyViewModel.swift in Sources */ = {isa = PBXBuildFile; fileRef = EBDA9DD328AE1AAA00F6C230 /* QuizDifficultyViewModel.swift */; };
		EBE06E6528BE01A9004F3F3F /* QuizDetailsViewController.swift in Sources */ = {isa = PBXBuildFile; fileRef = EBE06E6428BE01A9004F3F3F /* QuizDetailsViewController.swift */; };
		EBE0E9302893F7E200B7BC4A /* Kingfisher in Frameworks */ = {isa = PBXBuildFile; productRef = EBE0E92F2893F7E200B7BC4A /* Kingfisher */; };
		EBE6AB1728B371D400551CDB /* Sequence+Extensions.swift in Sources */ = {isa = PBXBuildFile; fileRef = EBE6AB1628B371D400551CDB /* Sequence+Extensions.swift */; };
		EBEC7501288831B800BD7220 /* EmptyStateView.swift in Sources */ = {isa = PBXBuildFile; fileRef = EBEC7500288831B800BD7220 /* EmptyStateView.swift */; };
		EBEC75032888398800BD7220 /* TabBarController.swift in Sources */ = {isa = PBXBuildFile; fileRef = EBEC75022888398800BD7220 /* TabBarController.swift */; };
/* End PBXBuildFile section */

/* Begin PBXFileReference section */
		EB059B4F28858FF70075AB21 /* SecureStorage.swift */ = {isa = PBXFileReference; lastKnownFileType = sourcecode.swift; path = SecureStorage.swift; sourceTree = "<group>"; };
		EB1BE4BC28815B3700E5865B /* UIImage+Extensions.swift */ = {isa = PBXFileReference; lastKnownFileType = sourcecode.swift; path = "UIImage+Extensions.swift"; sourceTree = "<group>"; };
		EB1BE4BE2881608C00E5865B /* CoordinatorProtocol.swift */ = {isa = PBXFileReference; lastKnownFileType = sourcecode.swift; path = CoordinatorProtocol.swift; sourceTree = "<group>"; };
		EB1BE4C42881805200E5865B /* Coordinator.swift */ = {isa = PBXFileReference; lastKnownFileType = sourcecode.swift; path = Coordinator.swift; sourceTree = "<group>"; };
		EB2D166128AD00EB0023C71D /* QuizDifficultyNetworkModel.swift */ = {isa = PBXFileReference; lastKnownFileType = sourcecode.swift; path = QuizDifficultyNetworkModel.swift; sourceTree = "<group>"; };
		EB4E61A7287DBA84009A64E7 /* SourceSansPro-Regular.ttf */ = {isa = PBXFileReference; lastKnownFileType = file; path = "SourceSansPro-Regular.ttf"; sourceTree = "<group>"; };
		EB4E61A9287DBB20009A64E7 /* Fonts.swift */ = {isa = PBXFileReference; lastKnownFileType = sourcecode.swift; path = Fonts.swift; sourceTree = "<group>"; };
		EB4E61AB287DBDD7009A64E7 /* SourceSansPro-Bold.ttf */ = {isa = PBXFileReference; lastKnownFileType = file; path = "SourceSansPro-Bold.ttf"; sourceTree = "<group>"; };
		EB4E61AE287DC594009A64E7 /* ConstructViewsProtocol.swift */ = {isa = PBXFileReference; lastKnownFileType = sourcecode.swift; path = ConstructViewsProtocol.swift; sourceTree = "<group>"; };
		EB6D39A928C88A8C0060390A /* QuizSection.swift */ = {isa = PBXFileReference; lastKnownFileType = sourcecode.swift; path = QuizSection.swift; sourceTree = "<group>"; };
		EB6E2839288EB61E002D8198 /* DifficultyView.swift */ = {isa = PBXFileReference; lastKnownFileType = sourcecode.swift; path = DifficultyView.swift; sourceTree = "<group>"; };
		EB87B0502892789B00BE1A39 /* QuizUseCase.swift */ = {isa = PBXFileReference; lastKnownFileType = sourcecode.swift; path = QuizUseCase.swift; sourceTree = "<group>"; };
		EB87B0522892794000BE1A39 /* QuizModel.swift */ = {isa = PBXFileReference; lastKnownFileType = sourcecode.swift; path = QuizModel.swift; sourceTree = "<group>"; };
		EB8E118C28916838000605B4 /* QuizRequestBody.swift */ = {isa = PBXFileReference; lastKnownFileType = sourcecode.swift; path = QuizRequestBody.swift; sourceTree = "<group>"; };
		EB8E118E2891685C000605B4 /* QuizNetworkClient.swift */ = {isa = PBXFileReference; lastKnownFileType = sourcecode.swift; path = QuizNetworkClient.swift; sourceTree = "<group>"; };
		EB8E1190289168FE000605B4 /* QuizDataModel.swift */ = {isa = PBXFileReference; lastKnownFileType = sourcecode.swift; path = QuizDataModel.swift; sourceTree = "<group>"; };
		EB8E119228916ADE000605B4 /* QuizNetworkModel.swift */ = {isa = PBXFileReference; lastKnownFileType = sourcecode.swift; path = QuizNetworkModel.swift; sourceTree = "<group>"; };
		EB8E119428916B6D000605B4 /* QuizNetworkDataSource.swift */ = {isa = PBXFileReference; lastKnownFileType = sourcecode.swift; path = QuizNetworkDataSource.swift; sourceTree = "<group>"; };
		EB917E18287EB54C00ECD5AD /* UIColor+Extensions.swift */ = {isa = PBXFileReference; lastKnownFileType = sourcecode.swift; path = "UIColor+Extensions.swift"; sourceTree = "<group>"; };
		EB917E1B287ED42F00ECD5AD /* UIView+Extensions.swift */ = {isa = PBXFileReference; lastKnownFileType = sourcecode.swift; path = "UIView+Extensions.swift"; sourceTree = "<group>"; };
		EB917E1F287EF0E700ECD5AD /* SourceSansPro-SemiBold.ttf */ = {isa = PBXFileReference; lastKnownFileType = file; path = "SourceSansPro-SemiBold.ttf"; sourceTree = "<group>"; };
		EB917E22287EFDC200ECD5AD /* InputField.swift */ = {isa = PBXFileReference; lastKnownFileType = sourcecode.swift; path = InputField.swift; sourceTree = "<group>"; };
		EB93D9FD28BF594D00413031 /* QuizDetailsViewModel.swift */ = {isa = PBXFileReference; lastKnownFileType = sourcecode.swift; path = QuizDetailsViewModel.swift; sourceTree = "<group>"; };
		EB93D9FF28BF77AE00413031 /* UIImageView+Extensions.swift */ = {isa = PBXFileReference; lastKnownFileType = sourcecode.swift; path = "UIImageView+Extensions.swift"; sourceTree = "<group>"; };
		EB93DA0128BF78FB00413031 /* UILabel+Extensions.swift */ = {isa = PBXFileReference; lastKnownFileType = sourcecode.swift; path = "UILabel+Extensions.swift"; sourceTree = "<group>"; };
		EB9476E428893C6700BC20C2 /* UserViewController.swift */ = {isa = PBXFileReference; lastKnownFileType = sourcecode.swift; path = UserViewController.swift; sourceTree = "<group>"; };
		EB9476E7288990B100BC20C2 /* UserNetworkDataSource.swift */ = {isa = PBXFileReference; lastKnownFileType = sourcecode.swift; path = UserNetworkDataSource.swift; sourceTree = "<group>"; };
		EB9476EA2889974800BC20C2 /* CheckNetworkClient.swift */ = {isa = PBXFileReference; lastKnownFileType = sourcecode.swift; path = CheckNetworkClient.swift; sourceTree = "<group>"; };
		EB9BF848288E84E50031704D /* CategoryCell.swift */ = {isa = PBXFileReference; lastKnownFileType = sourcecode.swift; path = CategoryCell.swift; sourceTree = "<group>"; };
		EB9BF84A288E98750031704D /* CategoryNetworkModel.swift */ = {isa = PBXFileReference; lastKnownFileType = sourcecode.swift; path = CategoryNetworkModel.swift; sourceTree = "<group>"; };
		EB9BF84C288E9CD10031704D /* QuizListViewModel.swift */ = {isa = PBXFileReference; lastKnownFileType = sourcecode.swift; path = QuizListViewModel.swift; sourceTree = "<group>"; };
		EB9BF84F288EA3D40031704D /* QuizCell.swift */ = {isa = PBXFileReference; lastKnownFileType = sourcecode.swift; path = QuizCell.swift; sourceTree = "<group>"; };
		EBA79D8028AB966300124183 /* CategoryDataModel.swift */ = {isa = PBXFileReference; lastKnownFileType = sourcecode.swift; path = CategoryDataModel.swift; sourceTree = "<group>"; };
		EBA79D8228AB968600124183 /* CategoryModel.swift */ = {isa = PBXFileReference; lastKnownFileType = sourcecode.swift; path = CategoryModel.swift; sourceTree = "<group>"; };
		EBA79D8428AB96A400124183 /* CategoryViewModel.swift */ = {isa = PBXFileReference; lastKnownFileType = sourcecode.swift; path = CategoryViewModel.swift; sourceTree = "<group>"; };
		EBA79D8628AB96CC00124183 /* QuizViewModel.swift */ = {isa = PBXFileReference; lastKnownFileType = sourcecode.swift; path = QuizViewModel.swift; sourceTree = "<group>"; };
		EBADB54928855B9D00F7EF81 /* NetworkClient.swift */ = {isa = PBXFileReference; lastKnownFileType = sourcecode.swift; path = NetworkClient.swift; sourceTree = "<group>"; };
		EBADB54B2885603A00F7EF81 /* LoginViewModel.swift */ = {isa = PBXFileReference; lastKnownFileType = sourcecode.swift; path = LoginViewModel.swift; sourceTree = "<group>"; };
		EBADB54E2885630F00F7EF81 /* LoginRequestBody.swift */ = {isa = PBXFileReference; lastKnownFileType = sourcecode.swift; path = LoginRequestBody.swift; sourceTree = "<group>"; };
		EBADB55028856E5E00F7EF81 /* LoginUseCase.swift */ = {isa = PBXFileReference; lastKnownFileType = sourcecode.swift; path = LoginUseCase.swift; sourceTree = "<group>"; };
		EBADB5532885893300F7EF81 /* NetworkingConstants.swift */ = {isa = PBXFileReference; lastKnownFileType = sourcecode.swift; path = NetworkingConstants.swift; sourceTree = "<group>"; };
		EBADB556288589B000F7EF81 /* LoginResponseModel.swift */ = {isa = PBXFileReference; lastKnownFileType = sourcecode.swift; path = LoginResponseModel.swift; sourceTree = "<group>"; };
		EBADB55828858C6100F7EF81 /* Endpoint.swift */ = {isa = PBXFileReference; lastKnownFileType = sourcecode.swift; path = Endpoint.swift; sourceTree = "<group>"; };
		EBB6F6F5288AC2ED00790DC0 /* UserReqeustBody.swift */ = {isa = PBXFileReference; lastKnownFileType = sourcecode.swift; path = UserReqeustBody.swift; sourceTree = "<group>"; };
		EBB6F6F7288AE67A00790DC0 /* UserModel.swift */ = {isa = PBXFileReference; lastKnownFileType = sourcecode.swift; path = UserModel.swift; sourceTree = "<group>"; };
		EBC3A84D28C6159F00805649 /* QuizSectionHeaderView.swift */ = {isa = PBXFileReference; lastKnownFileType = sourcecode.swift; path = QuizSectionHeaderView.swift; sourceTree = "<group>"; };
		EBC9BC04287D6A6500052DF9 /* QuizApp.app */ = {isa = PBXFileReference; explicitFileType = wrapper.application; includeInIndex = 0; path = QuizApp.app; sourceTree = BUILT_PRODUCTS_DIR; };
		EBC9BC07287D6A6500052DF9 /* AppDelegate.swift */ = {isa = PBXFileReference; indentWidth = 4; lastKnownFileType = sourcecode.swift; path = AppDelegate.swift; sourceTree = "<group>"; tabWidth = 4; };
		EBC9BC09287D6A6500052DF9 /* SceneDelegate.swift */ = {isa = PBXFileReference; lastKnownFileType = sourcecode.swift; path = SceneDelegate.swift; sourceTree = "<group>"; };
		EBC9BC0B287D6A6500052DF9 /* LoginViewController.swift */ = {isa = PBXFileReference; lastKnownFileType = sourcecode.swift; path = LoginViewController.swift; sourceTree = "<group>"; };
		EBC9BC10287D6A6600052DF9 /* Assets.xcassets */ = {isa = PBXFileReference; lastKnownFileType = folder.assetcatalog; path = Assets.xcassets; sourceTree = "<group>"; };
		EBC9BC13287D6A6600052DF9 /* Base */ = {isa = PBXFileReference; lastKnownFileType = file.storyboard; name = Base; path = Base.lproj/LaunchScreen.storyboard; sourceTree = "<group>"; };
		EBC9BC15287D6A6600052DF9 /* Info.plist */ = {isa = PBXFileReference; lastKnownFileType = text.plist.xml; path = Info.plist; sourceTree = "<group>"; };
		EBCB41D52886A2890008C827 /* RequestError.swift */ = {isa = PBXFileReference; lastKnownFileType = sourcecode.swift; path = RequestError.swift; sourceTree = "<group>"; };
		EBCB41D82886A3850008C827 /* LoginNetworkClient.swift */ = {isa = PBXFileReference; lastKnownFileType = sourcecode.swift; path = LoginNetworkClient.swift; sourceTree = "<group>"; };
		EBCB41DA2886A9D40008C827 /* LoginDataSource.swift */ = {isa = PBXFileReference; lastKnownFileType = sourcecode.swift; path = LoginDataSource.swift; sourceTree = "<group>"; };
		EBCB41DC2886B2420008C827 /* ServiceFactory.swift */ = {isa = PBXFileReference; lastKnownFileType = sourcecode.swift; path = ServiceFactory.swift; sourceTree = "<group>"; };
		EBCB41DE2886B5A00008C827 /* LoginDataModel.swift */ = {isa = PBXFileReference; lastKnownFileType = sourcecode.swift; path = LoginDataModel.swift; sourceTree = "<group>"; };
		EBCB41E12886F79A0008C827 /* LoginValidator.swift */ = {isa = PBXFileReference; lastKnownFileType = sourcecode.swift; path = LoginValidator.swift; sourceTree = "<group>"; };
		EBCB41E32886FB210008C827 /* TypeAliases.swift */ = {isa = PBXFileReference; lastKnownFileType = sourcecode.swift; path = TypeAliases.swift; sourceTree = "<group>"; };
		EBCB41E62886FBCB0008C827 /* QuizListViewController.swift */ = {isa = PBXFileReference; lastKnownFileType = sourcecode.swift; path = QuizListViewController.swift; sourceTree = "<group>"; };
		EBD0F0F8288AA34600D34EA8 /* UserViewModel.swift */ = {isa = PBXFileReference; lastKnownFileType = sourcecode.swift; path = UserViewModel.swift; sourceTree = "<group>"; };
		EBD0F0FA288AA42800D34EA8 /* UserUseCase.swift */ = {isa = PBXFileReference; lastKnownFileType = sourcecode.swift; path = UserUseCase.swift; sourceTree = "<group>"; };
		EBD0F0FD288AA48700D34EA8 /* UserNetworkClient.swift */ = {isa = PBXFileReference; lastKnownFileType = sourcecode.swift; path = UserNetworkClient.swift; sourceTree = "<group>"; };
		EBD0F0FF288AA61C00D34EA8 /* UserResponseModel.swift */ = {isa = PBXFileReference; lastKnownFileType = sourcecode.swift; path = UserResponseModel.swift; sourceTree = "<group>"; };
		EBD0F101288AB72600D34EA8 /* UserDataModel.swift */ = {isa = PBXFileReference; lastKnownFileType = sourcecode.swift; path = UserDataModel.swift; sourceTree = "<group>"; };
		EBDA9DCF28AE19F300F6C230 /* QuizDifficultyDataModel.swift */ = {isa = PBXFileReference; lastKnownFileType = sourcecode.swift; path = QuizDifficultyDataModel.swift; sourceTree = "<group>"; };
		EBDA9DD128AE1A8A00F6C230 /* QuizDifficultyModel.swift */ = {isa = PBXFileReference; lastKnownFileType = sourcecode.swift; path = QuizDifficultyModel.swift; sourceTree = "<group>"; };
		EBDA9DD328AE1AAA00F6C230 /* QuizDifficultyViewModel.swift */ = {isa = PBXFileReference; lastKnownFileType = sourcecode.swift; path = QuizDifficultyViewModel.swift; sourceTree = "<group>"; };
		EBE06E6428BE01A9004F3F3F /* QuizDetailsViewController.swift */ = {isa = PBXFileReference; lastKnownFileType = sourcecode.swift; path = QuizDetailsViewController.swift; sourceTree = "<group>"; };
		EBE6AB1628B371D400551CDB /* Sequence+Extensions.swift */ = {isa = PBXFileReference; lastKnownFileType = sourcecode.swift; path = "Sequence+Extensions.swift"; sourceTree = "<group>"; };
		EBEC7500288831B800BD7220 /* EmptyStateView.swift */ = {isa = PBXFileReference; lastKnownFileType = sourcecode.swift; path = EmptyStateView.swift; sourceTree = "<group>"; };
		EBEC75022888398800BD7220 /* TabBarController.swift */ = {isa = PBXFileReference; lastKnownFileType = sourcecode.swift; path = TabBarController.swift; sourceTree = "<group>"; };
/* End PBXFileReference section */

/* Begin PBXFrameworksBuildPhase section */
		EBC9BC01287D6A6500052DF9 /* Frameworks */ = {
			isa = PBXFrameworksBuildPhase;
			buildActionMask = 2147483647;
			files = (
				EBE0E9302893F7E200B7BC4A /* Kingfisher in Frameworks */,
				EB059B4E28858FE10075AB21 /* KeychainAccess in Frameworks */,
				EB4E61A5287DB92D009A64E7 /* SnapKit in Frameworks */,
			);
			runOnlyForDeploymentPostprocessing = 0;
		};
/* End PBXFrameworksBuildPhase section */

/* Begin PBXGroup section */
		EB1BE4C62881812700E5865B /* UI components */ = {
			isa = PBXGroup;
			children = (
				EB917E22287EFDC200ECD5AD /* InputField.swift */,
				EBEC7500288831B800BD7220 /* EmptyStateView.swift */,
			);
			path = "UI components";
			sourceTree = "<group>";
		};
		EB4E6195287DB1E2009A64E7 /* App */ = {
			isa = PBXGroup;
			children = (
				EB917E21287EFDB100ECD5AD /* Common */,
				EBADB54828855B8A00F7EF81 /* Services */,
				EBADB54D288562FF00F7EF81 /* Networking */,
				EB73ADE028B78DC60015FEDE /* Data sources */,
				EB73ADE128B78DD60015FEDE /* Use cases */,
				EB4E6196287DB1F4009A64E7 /* Screens */,
				EB4E61AD287DC546009A64E7 /* Protocols */,
				EBCB41E02886F7890008C827 /* Utilities */,
				EB917E17287EB53900ECD5AD /* Extensions */,
				EB4E619A287DB4A2009A64E7 /* Resources */,
			);
			path = App;
			sourceTree = "<group>";
		};
		EB4E6196287DB1F4009A64E7 /* Screens */ = {
			isa = PBXGroup;
			children = (
				EB4E6197287DB1FB009A64E7 /* Login */,
				EB9476E228893C4400BC20C2 /* User */,
				EBCB41E52886FBBB0008C827 /* Quiz */,
				EBE06E6328BE0194004F3F3F /* Quiz details */,
			);
			path = Screens;
			sourceTree = "<group>";
		};
		EB4E6197287DB1FB009A64E7 /* Login */ = {
			isa = PBXGroup;
			children = (
				EBC9BC0B287D6A6500052DF9 /* LoginViewController.swift */,
				EBADB54B2885603A00F7EF81 /* LoginViewModel.swift */,
			);
			path = Login;
			sourceTree = "<group>";
		};
		EB4E619A287DB4A2009A64E7 /* Resources */ = {
			isa = PBXGroup;
			children = (
				EB4E61A6287DBA6E009A64E7 /* Fonts */,
				EBC9BC10287D6A6600052DF9 /* Assets.xcassets */,
			);
			path = Resources;
			sourceTree = "<group>";
		};
		EB4E61A6287DBA6E009A64E7 /* Fonts */ = {
			isa = PBXGroup;
			children = (
				EB4E61A9287DBB20009A64E7 /* Fonts.swift */,
				EB4E61A7287DBA84009A64E7 /* SourceSansPro-Regular.ttf */,
				EB4E61AB287DBDD7009A64E7 /* SourceSansPro-Bold.ttf */,
				EB917E1F287EF0E700ECD5AD /* SourceSansPro-SemiBold.ttf */,
			);
			path = Fonts;
			sourceTree = "<group>";
		};
		EB4E61AD287DC546009A64E7 /* Protocols */ = {
			isa = PBXGroup;
			children = (
				EB4E61AE287DC594009A64E7 /* ConstructViewsProtocol.swift */,
				EB1BE4BE2881608C00E5865B /* CoordinatorProtocol.swift */,
			);
			path = Protocols;
			sourceTree = "<group>";
		};
		EB73ADE028B78DC60015FEDE /* Data sources */ = {
			isa = PBXGroup;
			children = (
				EB73ADE628B78F280015FEDE /* Login */,
				EB73ADE528B78F1C0015FEDE /* User */,
				EB73ADE228B78EDC0015FEDE /* Quiz */,
			);
			path = "Data sources";
			sourceTree = "<group>";
		};
		EB73ADE128B78DD60015FEDE /* Use cases */ = {
			isa = PBXGroup;
			children = (
				EB73ADE928B78F5F0015FEDE /* Quiz */,
				EB73ADE828B78F590015FEDE /* User */,
				EB73ADE728B78F540015FEDE /* Login */,
			);
			path = "Use cases";
			sourceTree = "<group>";
		};
		EB73ADE228B78EDC0015FEDE /* Quiz */ = {
			isa = PBXGroup;
			children = (
				EB8E119428916B6D000605B4 /* QuizNetworkDataSource.swift */,
				EB73ADE428B78F020015FEDE /* Models */,
			);
			path = Quiz;
			sourceTree = "<group>";
		};
		EB73ADE428B78F020015FEDE /* Models */ = {
			isa = PBXGroup;
			children = (
				EBDA9DCF28AE19F300F6C230 /* QuizDifficultyDataModel.swift */,
				EBA79D8028AB966300124183 /* CategoryDataModel.swift */,
				EB8E1190289168FE000605B4 /* QuizDataModel.swift */,
			);
			path = Models;
			sourceTree = "<group>";
		};
		EB73ADE528B78F1C0015FEDE /* User */ = {
			isa = PBXGroup;
			children = (
				EBD0F101288AB72600D34EA8 /* UserDataModel.swift */,
				EB9476E7288990B100BC20C2 /* UserNetworkDataSource.swift */,
			);
			path = User;
			sourceTree = "<group>";
		};
		EB73ADE628B78F280015FEDE /* Login */ = {
			isa = PBXGroup;
			children = (
				EBCB41DE2886B5A00008C827 /* LoginDataModel.swift */,
				EBCB41DA2886A9D40008C827 /* LoginDataSource.swift */,
			);
			path = Login;
			sourceTree = "<group>";
		};
		EB73ADE728B78F540015FEDE /* Login */ = {
			isa = PBXGroup;
			children = (
				EBADB55028856E5E00F7EF81 /* LoginUseCase.swift */,
			);
			path = Login;
			sourceTree = "<group>";
		};
		EB73ADE828B78F590015FEDE /* User */ = {
			isa = PBXGroup;
			children = (
				EBB6F6F7288AE67A00790DC0 /* UserModel.swift */,
				EBD0F0FA288AA42800D34EA8 /* UserUseCase.swift */,
			);
			path = User;
			sourceTree = "<group>";
		};
		EB73ADE928B78F5F0015FEDE /* Quiz */ = {
			isa = PBXGroup;
			children = (
				EB73ADEA28B78F770015FEDE /* Models */,
				EB87B0502892789B00BE1A39 /* QuizUseCase.swift */,
			);
			path = Quiz;
			sourceTree = "<group>";
		};
		EB73ADEA28B78F770015FEDE /* Models */ = {
			isa = PBXGroup;
			children = (
				EB87B0522892794000BE1A39 /* QuizModel.swift */,
				EBDA9DD128AE1A8A00F6C230 /* QuizDifficultyModel.swift */,
				EBA79D8228AB968600124183 /* CategoryModel.swift */,
			);
			path = Models;
			sourceTree = "<group>";
		};
		EB8E118B28916819000605B4 /* Quiz */ = {
			isa = PBXGroup;
			children = (
				EB8E118C28916838000605B4 /* QuizRequestBody.swift */,
				EB8E118E2891685C000605B4 /* QuizNetworkClient.swift */,
			);
			path = Quiz;
			sourceTree = "<group>";
		};
		EB917E17287EB53900ECD5AD /* Extensions */ = {
			isa = PBXGroup;
			children = (
				EBE6AB1528B371C300551CDB /* Foundation */,
				EB917E1A287ED42500ECD5AD /* UIKit */,
			);
			path = Extensions;
			sourceTree = "<group>";
		};
		EB917E1A287ED42500ECD5AD /* UIKit */ = {
			isa = PBXGroup;
			children = (
				EB917E18287EB54C00ECD5AD /* UIColor+Extensions.swift */,
				EB1BE4BC28815B3700E5865B /* UIImage+Extensions.swift */,
				EB917E1B287ED42F00ECD5AD /* UIView+Extensions.swift */,
				EB93D9FF28BF77AE00413031 /* UIImageView+Extensions.swift */,
				EB93DA0128BF78FB00413031 /* UILabel+Extensions.swift */,
			);
			path = UIKit;
			sourceTree = "<group>";
		};
		EB917E21287EFDB100ECD5AD /* Common */ = {
			isa = PBXGroup;
			children = (
				EBC9BC07287D6A6500052DF9 /* AppDelegate.swift */,
				EBC9BC09287D6A6500052DF9 /* SceneDelegate.swift */,
				EB1BE4C42881805200E5865B /* Coordinator.swift */,
				EBEC75022888398800BD7220 /* TabBarController.swift */,
				EB1BE4C62881812700E5865B /* UI components */,
			);
			path = Common;
			sourceTree = "<group>";
		};
		EB9476E228893C4400BC20C2 /* User */ = {
			isa = PBXGroup;
			children = (
				EB9476E428893C6700BC20C2 /* UserViewController.swift */,
				EBD0F0F8288AA34600D34EA8 /* UserViewModel.swift */,
			);
			path = User;
			sourceTree = "<group>";
		};
		EB9476E92889971400BC20C2 /* Check */ = {
			isa = PBXGroup;
			children = (
				EB9476EA2889974800BC20C2 /* CheckNetworkClient.swift */,
			);
			path = Check;
			sourceTree = "<group>";
		};
		EBADB54828855B8A00F7EF81 /* Services */ = {
			isa = PBXGroup;
			children = (
				EB059B4F28858FF70075AB21 /* SecureStorage.swift */,
				EBCB41DC2886B2420008C827 /* ServiceFactory.swift */,
			);
			path = Services;
			sourceTree = "<group>";
		};
		EBADB54D288562FF00F7EF81 /* Networking */ = {
			isa = PBXGroup;
			children = (
				EBADB55828858C6100F7EF81 /* Endpoint.swift */,
				EBADB5532885893300F7EF81 /* NetworkingConstants.swift */,
				EBADB54928855B9D00F7EF81 /* NetworkClient.swift */,
				EBCB41D52886A2890008C827 /* RequestError.swift */,
				EBADB5522885890100F7EF81 /* Models */,
				EBADB5552885898C00F7EF81 /* Login */,
				EB9476E92889971400BC20C2 /* Check */,
				EBD0F0FC288AA47000D34EA8 /* User */,
				EB8E118B28916819000605B4 /* Quiz */,
			);
			path = Networking;
			sourceTree = "<group>";
		};
		EBADB5522885890100F7EF81 /* Models */ = {
			isa = PBXGroup;
			children = (
				EBD0F0FF288AA61C00D34EA8 /* UserResponseModel.swift */,
				EBADB556288589B000F7EF81 /* LoginResponseModel.swift */,
				EB8E119228916ADE000605B4 /* QuizNetworkModel.swift */,
				EB2D166128AD00EB0023C71D /* QuizDifficultyNetworkModel.swift */,
				EB9BF84A288E98750031704D /* CategoryNetworkModel.swift */,
			);
			path = Models;
			sourceTree = "<group>";
		};
		EBADB5552885898C00F7EF81 /* Login */ = {
			isa = PBXGroup;
			children = (
				EBADB54E2885630F00F7EF81 /* LoginRequestBody.swift */,
				EBCB41D82886A3850008C827 /* LoginNetworkClient.swift */,
			);
			path = Login;
			sourceTree = "<group>";
		};
		EBC9BBFB287D6A6500052DF9 = {
			isa = PBXGroup;
			children = (
				EBC9BC06287D6A6500052DF9 /* QuizApp */,
				EBC9BC05287D6A6500052DF9 /* Products */,
			);
			indentWidth = 4;
			sourceTree = "<group>";
			tabWidth = 4;
			usesTabs = 0;
		};
		EBC9BC05287D6A6500052DF9 /* Products */ = {
			isa = PBXGroup;
			children = (
				EBC9BC04287D6A6500052DF9 /* QuizApp.app */,
			);
			name = Products;
			sourceTree = "<group>";
		};
		EBC9BC06287D6A6500052DF9 /* QuizApp */ = {
			isa = PBXGroup;
			children = (
				EB4E6195287DB1E2009A64E7 /* App */,
				EBC9BC12287D6A6600052DF9 /* LaunchScreen.storyboard */,
				EBC9BC15287D6A6600052DF9 /* Info.plist */,
			);
			path = QuizApp;
			sourceTree = "<group>";
		};
		EBCB41E02886F7890008C827 /* Utilities */ = {
			isa = PBXGroup;
			children = (
				EBCB41E32886FB210008C827 /* TypeAliases.swift */,
				EBCB41E12886F79A0008C827 /* LoginValidator.swift */,
			);
			path = Utilities;
			sourceTree = "<group>";
		};
		EBCB41E52886FBBB0008C827 /* Quiz */ = {
			isa = PBXGroup;
			children = (
				EB9BF848288E84E50031704D /* CategoryCell.swift */,
				EB9BF84F288EA3D40031704D /* QuizCell.swift */,
				EB6E2839288EB61E002D8198 /* DifficultyView.swift */,
				EBC3A84D28C6159F00805649 /* QuizSectionHeaderView.swift */,
				EBCB41E62886FBCB0008C827 /* QuizListViewController.swift */,
				EB9BF84C288E9CD10031704D /* QuizListViewModel.swift */,
				EBA79D8628AB96CC00124183 /* QuizViewModel.swift */,
				EBA79D8428AB96A400124183 /* CategoryViewModel.swift */,
				EBDA9DD328AE1AAA00F6C230 /* QuizDifficultyViewModel.swift */,
				EB6D39A928C88A8C0060390A /* QuizSection.swift */,
			);
			path = Quiz;
			sourceTree = "<group>";
		};
		EBD0F0FC288AA47000D34EA8 /* User */ = {
			isa = PBXGroup;
			children = (
				EBB6F6F5288AC2ED00790DC0 /* UserReqeustBody.swift */,
				EBD0F0FD288AA48700D34EA8 /* UserNetworkClient.swift */,
			);
			path = User;
			sourceTree = "<group>";
		};
		EBE06E6328BE0194004F3F3F /* Quiz details */ = {
			isa = PBXGroup;
			children = (
				EBE06E6428BE01A9004F3F3F /* QuizDetailsViewController.swift */,
				EB93D9FD28BF594D00413031 /* QuizDetailsViewModel.swift */,
			);
			path = "Quiz details";
			sourceTree = "<group>";
		};
		EBE6AB1528B371C300551CDB /* Foundation */ = {
			isa = PBXGroup;
			children = (
				EBE6AB1628B371D400551CDB /* Sequence+Extensions.swift */,
			);
			path = Foundation;
			sourceTree = "<group>";
		};
/* End PBXGroup section */

/* Begin PBXNativeTarget section */
		EBC9BC03287D6A6500052DF9 /* QuizApp */ = {
			isa = PBXNativeTarget;
			buildConfigurationList = EBC9BC18287D6A6600052DF9 /* Build configuration list for PBXNativeTarget "QuizApp" */;
			buildPhases = (
				EBC9BC00287D6A6500052DF9 /* Sources */,
				EBC9BC01287D6A6500052DF9 /* Frameworks */,
				EBC9BC02287D6A6500052DF9 /* Resources */,
				EB4E6194287DAB91009A64E7 /* ShellScript */,
			);
			buildRules = (
			);
			dependencies = (
			);
			name = QuizApp;
			packageProductDependencies = (
				EB4E61A4287DB92D009A64E7 /* SnapKit */,
				EB059B4D28858FE10075AB21 /* KeychainAccess */,
				EBE0E92F2893F7E200B7BC4A /* Kingfisher */,
			);
			productName = QuizApp;
			productReference = EBC9BC04287D6A6500052DF9 /* QuizApp.app */;
			productType = "com.apple.product-type.application";
		};
/* End PBXNativeTarget section */

/* Begin PBXProject section */
		EBC9BBFC287D6A6500052DF9 /* Project object */ = {
			isa = PBXProject;
			attributes = {
				BuildIndependentTargetsInParallel = 1;
				LastSwiftUpdateCheck = 1340;
				LastUpgradeCheck = 1340;
				TargetAttributes = {
					EBC9BC03287D6A6500052DF9 = {
						CreatedOnToolsVersion = 13.4.1;
					};
				};
			};
			buildConfigurationList = EBC9BBFF287D6A6500052DF9 /* Build configuration list for PBXProject "QuizApp" */;
			compatibilityVersion = "Xcode 13.0";
			developmentRegion = en;
			hasScannedForEncodings = 0;
			knownRegions = (
				en,
				Base,
			);
			mainGroup = EBC9BBFB287D6A6500052DF9;
			packageReferences = (
				EB4E61A3287DB92D009A64E7 /* XCRemoteSwiftPackageReference "SnapKit" */,
				EB059B4C28858FE10075AB21 /* XCRemoteSwiftPackageReference "KeychainAccess" */,
				EBE0E92E2893F7E200B7BC4A /* XCRemoteSwiftPackageReference "Kingfisher" */,
			);
			productRefGroup = EBC9BC05287D6A6500052DF9 /* Products */;
			projectDirPath = "";
			projectRoot = "";
			targets = (
				EBC9BC03287D6A6500052DF9 /* QuizApp */,
			);
		};
/* End PBXProject section */

/* Begin PBXResourcesBuildPhase section */
		EBC9BC02287D6A6500052DF9 /* Resources */ = {
			isa = PBXResourcesBuildPhase;
			buildActionMask = 2147483647;
			files = (
				EBC9BC14287D6A6600052DF9 /* LaunchScreen.storyboard in Resources */,
				EBC9BC11287D6A6600052DF9 /* Assets.xcassets in Resources */,
				EB917E20287EF0E700ECD5AD /* SourceSansPro-SemiBold.ttf in Resources */,
				EB4E61A8287DBA84009A64E7 /* SourceSansPro-Regular.ttf in Resources */,
				EB4E61AC287DBDD7009A64E7 /* SourceSansPro-Bold.ttf in Resources */,
			);
			runOnlyForDeploymentPostprocessing = 0;
		};
/* End PBXResourcesBuildPhase section */

/* Begin PBXShellScriptBuildPhase section */
		EB4E6194287DAB91009A64E7 /* ShellScript */ = {
			isa = PBXShellScriptBuildPhase;
			buildActionMask = 2147483647;
			files = (
			);
			inputFileListPaths = (
			);
			inputPaths = (
			);
			outputFileListPaths = (
			);
			outputPaths = (
			);
			runOnlyForDeploymentPostprocessing = 0;
			shellPath = /bin/sh;
			shellScript = "export PATH=\"$PATH:/opt/homebrew/bin\"\nif which swiftlint > /dev/null; then\n  swiftlint\nelse\n  echo \"warning: SwiftLint not installed, download from https://github.com/realm/SwiftLint\"\nfi\n";
		};
/* End PBXShellScriptBuildPhase section */

/* Begin PBXSourcesBuildPhase section */
		EBC9BC00287D6A6500052DF9 /* Sources */ = {
			isa = PBXSourcesBuildPhase;
			buildActionMask = 2147483647;
			files = (
				EBE06E6528BE01A9004F3F3F /* QuizDetailsViewController.swift in Sources */,
				EB6E283A288EB61E002D8198 /* DifficultyView.swift in Sources */,
				EB9476E528893C6700BC20C2 /* UserViewController.swift in Sources */,
				EBD0F0F9288AA34600D34EA8 /* UserViewModel.swift in Sources */,
				EBC9BC0C287D6A6500052DF9 /* LoginViewController.swift in Sources */,
				EBCB41D92886A3850008C827 /* LoginNetworkClient.swift in Sources */,
				EBCB41DB2886A9D40008C827 /* LoginDataSource.swift in Sources */,
				EB9BF84D288E9CD10031704D /* QuizListViewModel.swift in Sources */,
				EB6D39AA28C88A8C0060390A /* QuizSection.swift in Sources */,
				EB2D166228AD00EB0023C71D /* QuizDifficultyNetworkModel.swift in Sources */,
				EB8E118D28916838000605B4 /* QuizRequestBody.swift in Sources */,
				EB1BE4C52881805200E5865B /* Coordinator.swift in Sources */,
				EB917E23287EFDC200ECD5AD /* InputField.swift in Sources */,
				EB1BE4BF2881608C00E5865B /* CoordinatorProtocol.swift in Sources */,
				EBEC7501288831B800BD7220 /* EmptyStateView.swift in Sources */,
				EBC9BC08287D6A6500052DF9 /* AppDelegate.swift in Sources */,
				EBADB557288589B000F7EF81 /* LoginResponseModel.swift in Sources */,
				EB93DA0228BF78FB00413031 /* UILabel+Extensions.swift in Sources */,
				EBADB54F2885630F00F7EF81 /* LoginRequestBody.swift in Sources */,
				EB8E119328916ADE000605B4 /* QuizNetworkModel.swift in Sources */,
				EBD0F0FB288AA42800D34EA8 /* UserUseCase.swift in Sources */,
				EB4E61AA287DBB20009A64E7 /* Fonts.swift in Sources */,
				EB87B0532892794000BE1A39 /* QuizModel.swift in Sources */,
				EBADB55128856E5E00F7EF81 /* LoginUseCase.swift in Sources */,
				EB917E1C287ED42F00ECD5AD /* UIView+Extensions.swift in Sources */,
				EB8E118F2891685C000605B4 /* QuizNetworkClient.swift in Sources */,
				EBDA9DD228AE1A8A00F6C230 /* QuizDifficultyModel.swift in Sources */,
				EB9BF849288E84E50031704D /* CategoryCell.swift in Sources */,
				EBB6F6F6288AC2ED00790DC0 /* UserReqeustBody.swift in Sources */,
				EBADB55928858C6100F7EF81 /* Endpoint.swift in Sources */,
				EBDA9DD428AE1AAA00F6C230 /* QuizDifficultyViewModel.swift in Sources */,
				EBADB5542885893300F7EF81 /* NetworkingConstants.swift in Sources */,
				EB9BF850288EA3D40031704D /* QuizCell.swift in Sources */,
				EBD0F102288AB72600D34EA8 /* UserDataModel.swift in Sources */,
				EB9476E8288990B100BC20C2 /* UserNetworkDataSource.swift in Sources */,
				EB8E119528916B6D000605B4 /* QuizNetworkDataSource.swift in Sources */,
				EBCB41E72886FBCB0008C827 /* QuizListViewController.swift in Sources */,
				EB917E19287EB54C00ECD5AD /* UIColor+Extensions.swift in Sources */,
				EBCB41DD2886B2420008C827 /* ServiceFactory.swift in Sources */,
				EBCB41E42886FB210008C827 /* TypeAliases.swift in Sources */,
				EBADB54C2885603A00F7EF81 /* LoginViewModel.swift in Sources */,
				EBD0F100288AA61C00D34EA8 /* UserResponseModel.swift in Sources */,
				EB059B5028858FF70075AB21 /* SecureStorage.swift in Sources */,
				EB1BE4BD28815B3700E5865B /* UIImage+Extensions.swift in Sources */,
				EBCB41DF2886B5A00008C827 /* LoginDataModel.swift in Sources */,
				EB8E1191289168FE000605B4 /* QuizDataModel.swift in Sources */,
				EBEC75032888398800BD7220 /* TabBarController.swift in Sources */,
				EB93DA0028BF77AE00413031 /* UIImageView+Extensions.swift in Sources */,
				EB93D9FE28BF594D00413031 /* QuizDetailsViewModel.swift in Sources */,
				EBB6F6F8288AE67A00790DC0 /* UserModel.swift in Sources */,
				EBE6AB1728B371D400551CDB /* Sequence+Extensions.swift in Sources */,
				EBA79D8328AB968600124183 /* CategoryModel.swift in Sources */,
				EB87B0512892789B00BE1A39 /* QuizUseCase.swift in Sources */,
				EB9476EB2889974800BC20C2 /* CheckNetworkClient.swift in Sources */,
				EBCB41D62886A2890008C827 /* RequestError.swift in Sources */,
				EBA79D8528AB96A400124183 /* CategoryViewModel.swift in Sources */,
				EBC3A84E28C6159F00805649 /* QuizSectionHeaderView.swift in Sources */,
				EB4E61AF287DC594009A64E7 /* ConstructViewsProtocol.swift in Sources */,
				EBCB41E22886F79A0008C827 /* LoginValidator.swift in Sources */,
				EBDA9DD028AE19F300F6C230 /* QuizDifficultyDataModel.swift in Sources */,
				EBA79D8128AB966300124183 /* CategoryDataModel.swift in Sources */,
				EBA79D8728AB96CC00124183 /* QuizViewModel.swift in Sources */,
				EBD0F0FE288AA48700D34EA8 /* UserNetworkClient.swift in Sources */,
				EBADB54A28855B9D00F7EF81 /* NetworkClient.swift in Sources */,
				EBC9BC0A287D6A6500052DF9 /* SceneDelegate.swift in Sources */,
				EB9BF84B288E98750031704D /* CategoryNetworkModel.swift in Sources */,
			);
			runOnlyForDeploymentPostprocessing = 0;
		};
/* End PBXSourcesBuildPhase section */

/* Begin PBXVariantGroup section */
		EBC9BC12287D6A6600052DF9 /* LaunchScreen.storyboard */ = {
			isa = PBXVariantGroup;
			children = (
				EBC9BC13287D6A6600052DF9 /* Base */,
			);
			name = LaunchScreen.storyboard;
			sourceTree = "<group>";
		};
/* End PBXVariantGroup section */

/* Begin XCBuildConfiguration section */
		EBC9BC16287D6A6600052DF9 /* Debug */ = {
			isa = XCBuildConfiguration;
			buildSettings = {
				ALWAYS_SEARCH_USER_PATHS = NO;
				CLANG_ANALYZER_NONNULL = YES;
				CLANG_ANALYZER_NUMBER_OBJECT_CONVERSION = YES_AGGRESSIVE;
				CLANG_CXX_LANGUAGE_STANDARD = "gnu++17";
				CLANG_ENABLE_MODULES = YES;
				CLANG_ENABLE_OBJC_ARC = YES;
				CLANG_ENABLE_OBJC_WEAK = YES;
				CLANG_WARN_BLOCK_CAPTURE_AUTORELEASING = YES;
				CLANG_WARN_BOOL_CONVERSION = YES;
				CLANG_WARN_COMMA = YES;
				CLANG_WARN_CONSTANT_CONVERSION = YES;
				CLANG_WARN_DEPRECATED_OBJC_IMPLEMENTATIONS = YES;
				CLANG_WARN_DIRECT_OBJC_ISA_USAGE = YES_ERROR;
				CLANG_WARN_DOCUMENTATION_COMMENTS = YES;
				CLANG_WARN_EMPTY_BODY = YES;
				CLANG_WARN_ENUM_CONVERSION = YES;
				CLANG_WARN_INFINITE_RECURSION = YES;
				CLANG_WARN_INT_CONVERSION = YES;
				CLANG_WARN_NON_LITERAL_NULL_CONVERSION = YES;
				CLANG_WARN_OBJC_IMPLICIT_RETAIN_SELF = YES;
				CLANG_WARN_OBJC_LITERAL_CONVERSION = YES;
				CLANG_WARN_OBJC_ROOT_CLASS = YES_ERROR;
				CLANG_WARN_QUOTED_INCLUDE_IN_FRAMEWORK_HEADER = YES;
				CLANG_WARN_RANGE_LOOP_ANALYSIS = YES;
				CLANG_WARN_STRICT_PROTOTYPES = YES;
				CLANG_WARN_SUSPICIOUS_MOVE = YES;
				CLANG_WARN_UNGUARDED_AVAILABILITY = YES_AGGRESSIVE;
				CLANG_WARN_UNREACHABLE_CODE = YES;
				CLANG_WARN__DUPLICATE_METHOD_MATCH = YES;
				COPY_PHASE_STRIP = NO;
				DEBUG_INFORMATION_FORMAT = dwarf;
				ENABLE_STRICT_OBJC_MSGSEND = YES;
				ENABLE_TESTABILITY = YES;
				GCC_C_LANGUAGE_STANDARD = gnu11;
				GCC_DYNAMIC_NO_PIC = NO;
				GCC_NO_COMMON_BLOCKS = YES;
				GCC_OPTIMIZATION_LEVEL = 0;
				GCC_PREPROCESSOR_DEFINITIONS = (
					"DEBUG=1",
					"$(inherited)",
				);
				GCC_WARN_64_TO_32_BIT_CONVERSION = YES;
				GCC_WARN_ABOUT_RETURN_TYPE = YES_ERROR;
				GCC_WARN_UNDECLARED_SELECTOR = YES;
				GCC_WARN_UNINITIALIZED_AUTOS = YES_AGGRESSIVE;
				GCC_WARN_UNUSED_FUNCTION = YES;
				GCC_WARN_UNUSED_VARIABLE = YES;
				IPHONEOS_DEPLOYMENT_TARGET = 15.5;
				MTL_ENABLE_DEBUG_INFO = INCLUDE_SOURCE;
				MTL_FAST_MATH = YES;
				ONLY_ACTIVE_ARCH = YES;
				SDKROOT = iphoneos;
				SWIFT_ACTIVE_COMPILATION_CONDITIONS = DEBUG;
				SWIFT_OPTIMIZATION_LEVEL = "-Onone";
			};
			name = Debug;
		};
		EBC9BC17287D6A6600052DF9 /* Release */ = {
			isa = XCBuildConfiguration;
			buildSettings = {
				ALWAYS_SEARCH_USER_PATHS = NO;
				CLANG_ANALYZER_NONNULL = YES;
				CLANG_ANALYZER_NUMBER_OBJECT_CONVERSION = YES_AGGRESSIVE;
				CLANG_CXX_LANGUAGE_STANDARD = "gnu++17";
				CLANG_ENABLE_MODULES = YES;
				CLANG_ENABLE_OBJC_ARC = YES;
				CLANG_ENABLE_OBJC_WEAK = YES;
				CLANG_WARN_BLOCK_CAPTURE_AUTORELEASING = YES;
				CLANG_WARN_BOOL_CONVERSION = YES;
				CLANG_WARN_COMMA = YES;
				CLANG_WARN_CONSTANT_CONVERSION = YES;
				CLANG_WARN_DEPRECATED_OBJC_IMPLEMENTATIONS = YES;
				CLANG_WARN_DIRECT_OBJC_ISA_USAGE = YES_ERROR;
				CLANG_WARN_DOCUMENTATION_COMMENTS = YES;
				CLANG_WARN_EMPTY_BODY = YES;
				CLANG_WARN_ENUM_CONVERSION = YES;
				CLANG_WARN_INFINITE_RECURSION = YES;
				CLANG_WARN_INT_CONVERSION = YES;
				CLANG_WARN_NON_LITERAL_NULL_CONVERSION = YES;
				CLANG_WARN_OBJC_IMPLICIT_RETAIN_SELF = YES;
				CLANG_WARN_OBJC_LITERAL_CONVERSION = YES;
				CLANG_WARN_OBJC_ROOT_CLASS = YES_ERROR;
				CLANG_WARN_QUOTED_INCLUDE_IN_FRAMEWORK_HEADER = YES;
				CLANG_WARN_RANGE_LOOP_ANALYSIS = YES;
				CLANG_WARN_STRICT_PROTOTYPES = YES;
				CLANG_WARN_SUSPICIOUS_MOVE = YES;
				CLANG_WARN_UNGUARDED_AVAILABILITY = YES_AGGRESSIVE;
				CLANG_WARN_UNREACHABLE_CODE = YES;
				CLANG_WARN__DUPLICATE_METHOD_MATCH = YES;
				COPY_PHASE_STRIP = NO;
				DEBUG_INFORMATION_FORMAT = "dwarf-with-dsym";
				ENABLE_NS_ASSERTIONS = NO;
				ENABLE_STRICT_OBJC_MSGSEND = YES;
				GCC_C_LANGUAGE_STANDARD = gnu11;
				GCC_NO_COMMON_BLOCKS = YES;
				GCC_WARN_64_TO_32_BIT_CONVERSION = YES;
				GCC_WARN_ABOUT_RETURN_TYPE = YES_ERROR;
				GCC_WARN_UNDECLARED_SELECTOR = YES;
				GCC_WARN_UNINITIALIZED_AUTOS = YES_AGGRESSIVE;
				GCC_WARN_UNUSED_FUNCTION = YES;
				GCC_WARN_UNUSED_VARIABLE = YES;
				IPHONEOS_DEPLOYMENT_TARGET = 15.5;
				MTL_ENABLE_DEBUG_INFO = NO;
				MTL_FAST_MATH = YES;
				SDKROOT = iphoneos;
				SWIFT_COMPILATION_MODE = wholemodule;
				SWIFT_OPTIMIZATION_LEVEL = "-O";
				VALIDATE_PRODUCT = YES;
			};
			name = Release;
		};
		EBC9BC19287D6A6600052DF9 /* Debug */ = {
			isa = XCBuildConfiguration;
			buildSettings = {
				ASSETCATALOG_COMPILER_APPICON_NAME = AppIcon;
				ASSETCATALOG_COMPILER_GLOBAL_ACCENT_COLOR_NAME = AccentColor;
				CODE_SIGN_STYLE = Automatic;
				CURRENT_PROJECT_VERSION = 1;
				DEVELOPMENT_TEAM = 82QC5MNKCZ;
				GENERATE_INFOPLIST_FILE = YES;
				INFOPLIST_FILE = QuizApp/Info.plist;
				INFOPLIST_KEY_UIApplicationSupportsIndirectInputEvents = YES;
				INFOPLIST_KEY_UILaunchStoryboardName = LaunchScreen;
				INFOPLIST_KEY_UISupportedInterfaceOrientations_iPad = "UIInterfaceOrientationPortrait UIInterfaceOrientationPortraitUpsideDown UIInterfaceOrientationLandscapeLeft UIInterfaceOrientationLandscapeRight";
				INFOPLIST_KEY_UISupportedInterfaceOrientations_iPhone = "UIInterfaceOrientationPortrait UIInterfaceOrientationLandscapeLeft UIInterfaceOrientationLandscapeRight";
				IPHONEOS_DEPLOYMENT_TARGET = 15.0;
				LD_RUNPATH_SEARCH_PATHS = (
					"$(inherited)",
					"@executable_path/Frameworks",
				);
				MARKETING_VERSION = 1.0;
				PRODUCT_BUNDLE_IDENTIFIER = com.ivankulundzic.QuizApp;
				PRODUCT_NAME = "$(TARGET_NAME)";
				SWIFT_EMIT_LOC_STRINGS = YES;
				SWIFT_VERSION = 5.0;
				TARGETED_DEVICE_FAMILY = 1;
			};
			name = Debug;
		};
		EBC9BC1A287D6A6600052DF9 /* Release */ = {
			isa = XCBuildConfiguration;
			buildSettings = {
				ASSETCATALOG_COMPILER_APPICON_NAME = AppIcon;
				ASSETCATALOG_COMPILER_GLOBAL_ACCENT_COLOR_NAME = AccentColor;
				CODE_SIGN_STYLE = Automatic;
				CURRENT_PROJECT_VERSION = 1;
				DEVELOPMENT_TEAM = 82QC5MNKCZ;
				GENERATE_INFOPLIST_FILE = YES;
				INFOPLIST_FILE = QuizApp/Info.plist;
				INFOPLIST_KEY_UIApplicationSupportsIndirectInputEvents = YES;
				INFOPLIST_KEY_UILaunchStoryboardName = LaunchScreen;
				INFOPLIST_KEY_UISupportedInterfaceOrientations_iPad = "UIInterfaceOrientationPortrait UIInterfaceOrientationPortraitUpsideDown UIInterfaceOrientationLandscapeLeft UIInterfaceOrientationLandscapeRight";
				INFOPLIST_KEY_UISupportedInterfaceOrientations_iPhone = "UIInterfaceOrientationPortrait UIInterfaceOrientationLandscapeLeft UIInterfaceOrientationLandscapeRight";
				IPHONEOS_DEPLOYMENT_TARGET = 15.0;
				LD_RUNPATH_SEARCH_PATHS = (
					"$(inherited)",
					"@executable_path/Frameworks",
				);
				MARKETING_VERSION = 1.0;
				PRODUCT_BUNDLE_IDENTIFIER = com.ivankulundzic.QuizApp;
				PRODUCT_NAME = "$(TARGET_NAME)";
				SWIFT_EMIT_LOC_STRINGS = YES;
				SWIFT_VERSION = 5.0;
				TARGETED_DEVICE_FAMILY = 1;
			};
			name = Release;
		};
/* End XCBuildConfiguration section */

/* Begin XCConfigurationList section */
		EBC9BBFF287D6A6500052DF9 /* Build configuration list for PBXProject "QuizApp" */ = {
			isa = XCConfigurationList;
			buildConfigurations = (
				EBC9BC16287D6A6600052DF9 /* Debug */,
				EBC9BC17287D6A6600052DF9 /* Release */,
			);
			defaultConfigurationIsVisible = 0;
			defaultConfigurationName = Release;
		};
		EBC9BC18287D6A6600052DF9 /* Build configuration list for PBXNativeTarget "QuizApp" */ = {
			isa = XCConfigurationList;
			buildConfigurations = (
				EBC9BC19287D6A6600052DF9 /* Debug */,
				EBC9BC1A287D6A6600052DF9 /* Release */,
			);
			defaultConfigurationIsVisible = 0;
			defaultConfigurationName = Release;
		};
/* End XCConfigurationList section */

/* Begin XCRemoteSwiftPackageReference section */
		EB059B4C28858FE10075AB21 /* XCRemoteSwiftPackageReference "KeychainAccess" */ = {
			isa = XCRemoteSwiftPackageReference;
			repositoryURL = "https://github.com/kishikawakatsumi/KeychainAccess.git";
			requirement = {
				branch = master;
				kind = branch;
			};
		};
		EB4E61A3287DB92D009A64E7 /* XCRemoteSwiftPackageReference "SnapKit" */ = {
			isa = XCRemoteSwiftPackageReference;
			repositoryURL = "https://github.com/SnapKit/SnapKit.git";
			requirement = {
				kind = upToNextMajorVersion;
				minimumVersion = 5.0.0;
			};
		};
		EBE0E92E2893F7E200B7BC4A /* XCRemoteSwiftPackageReference "Kingfisher" */ = {
			isa = XCRemoteSwiftPackageReference;
			repositoryURL = "https://github.com/onevcat/Kingfisher.git";
			requirement = {
				kind = upToNextMajorVersion;
				minimumVersion = 7.0.0;
			};
		};
/* End XCRemoteSwiftPackageReference section */

/* Begin XCSwiftPackageProductDependency section */
		EB059B4D28858FE10075AB21 /* KeychainAccess */ = {
			isa = XCSwiftPackageProductDependency;
			package = EB059B4C28858FE10075AB21 /* XCRemoteSwiftPackageReference "KeychainAccess" */;
			productName = KeychainAccess;
		};
		EB4E61A4287DB92D009A64E7 /* SnapKit */ = {
			isa = XCSwiftPackageProductDependency;
			package = EB4E61A3287DB92D009A64E7 /* XCRemoteSwiftPackageReference "SnapKit" */;
			productName = SnapKit;
		};
		EBE0E92F2893F7E200B7BC4A /* Kingfisher */ = {
			isa = XCSwiftPackageProductDependency;
			package = EBE0E92E2893F7E200B7BC4A /* XCRemoteSwiftPackageReference "Kingfisher" */;
			productName = Kingfisher;
		};
/* End XCSwiftPackageProductDependency section */
	};
	rootObject = EBC9BBFC287D6A6500052DF9 /* Project object */;
}
