// !$*UTF8*$!
{
	archiveVersion = 1;
	classes = {
	};
	objectVersion = 55;
	objects = {

/* Begin PBXBuildFile section */
		EB059B4E28858FE10075AB21 /* KeychainAccess in Frameworks */ = {isa = PBXBuildFile; productRef = EB059B4D28858FE10075AB21 /* KeychainAccess */; };
		EB059B5028858FF70075AB21 /* SecureStorage.swift in Sources */ = {isa = PBXBuildFile; fileRef = EB059B4F28858FF70075AB21 /* SecureStorage.swift */; };
		EB1BE4BD28815B3700E5865B /* UIImage+Extensions.swift in Sources */ = {isa = PBXBuildFile; fileRef = EB1BE4BC28815B3700E5865B /* UIImage+Extensions.swift */; };
		EB1BE4BF2881608C00E5865B /* CoordinatorProtocol.swift in Sources */ = {isa = PBXBuildFile; fileRef = EB1BE4BE2881608C00E5865B /* CoordinatorProtocol.swift */; };
		EB1BE4C52881805200E5865B /* Coordinator.swift in Sources */ = {isa = PBXBuildFile; fileRef = EB1BE4C42881805200E5865B /* Coordinator.swift */; };
		EB4E61A5287DB92D009A64E7 /* SnapKit in Frameworks */ = {isa = PBXBuildFile; productRef = EB4E61A4287DB92D009A64E7 /* SnapKit */; };
		EB4E61A8287DBA84009A64E7 /* SourceSansPro-Regular.ttf in Resources */ = {isa = PBXBuildFile; fileRef = EB4E61A7287DBA84009A64E7 /* SourceSansPro-Regular.ttf */; };
		EB4E61AA287DBB20009A64E7 /* Fonts.swift in Sources */ = {isa = PBXBuildFile; fileRef = EB4E61A9287DBB20009A64E7 /* Fonts.swift */; };
		EB4E61AC287DBDD7009A64E7 /* SourceSansPro-Bold.ttf in Resources */ = {isa = PBXBuildFile; fileRef = EB4E61AB287DBDD7009A64E7 /* SourceSansPro-Bold.ttf */; };
		EB4E61AF287DC594009A64E7 /* ConstructViewsProtocol.swift in Sources */ = {isa = PBXBuildFile; fileRef = EB4E61AE287DC594009A64E7 /* ConstructViewsProtocol.swift */; };
		EB917E19287EB54C00ECD5AD /* UIColor+Extensions.swift in Sources */ = {isa = PBXBuildFile; fileRef = EB917E18287EB54C00ECD5AD /* UIColor+Extensions.swift */; };
		EB917E1C287ED42F00ECD5AD /* UIView+Extensions.swift in Sources */ = {isa = PBXBuildFile; fileRef = EB917E1B287ED42F00ECD5AD /* UIView+Extensions.swift */; };
		EB917E20287EF0E700ECD5AD /* SourceSansPro-SemiBold.ttf in Resources */ = {isa = PBXBuildFile; fileRef = EB917E1F287EF0E700ECD5AD /* SourceSansPro-SemiBold.ttf */; };
		EB917E23287EFDC200ECD5AD /* InputField.swift in Sources */ = {isa = PBXBuildFile; fileRef = EB917E22287EFDC200ECD5AD /* InputField.swift */; };
		EBADB54A28855B9D00F7EF81 /* NetworkClient.swift in Sources */ = {isa = PBXBuildFile; fileRef = EBADB54928855B9D00F7EF81 /* NetworkClient.swift */; };
		EBADB54C2885603A00F7EF81 /* LoginViewModel.swift in Sources */ = {isa = PBXBuildFile; fileRef = EBADB54B2885603A00F7EF81 /* LoginViewModel.swift */; };
		EBADB54F2885630F00F7EF81 /* LoginRequestBody.swift in Sources */ = {isa = PBXBuildFile; fileRef = EBADB54E2885630F00F7EF81 /* LoginRequestBody.swift */; };
		EBADB55128856E5E00F7EF81 /* LoginUseCase.swift in Sources */ = {isa = PBXBuildFile; fileRef = EBADB55028856E5E00F7EF81 /* LoginUseCase.swift */; };
		EBADB5542885893300F7EF81 /* NetworkingConstants.swift in Sources */ = {isa = PBXBuildFile; fileRef = EBADB5532885893300F7EF81 /* NetworkingConstants.swift */; };
		EBADB557288589B000F7EF81 /* LoginResponseModel.swift in Sources */ = {isa = PBXBuildFile; fileRef = EBADB556288589B000F7EF81 /* LoginResponseModel.swift */; };
		EBADB55928858C6100F7EF81 /* Endpoint.swift in Sources */ = {isa = PBXBuildFile; fileRef = EBADB55828858C6100F7EF81 /* Endpoint.swift */; };
		EBC9BC08287D6A6500052DF9 /* AppDelegate.swift in Sources */ = {isa = PBXBuildFile; fileRef = EBC9BC07287D6A6500052DF9 /* AppDelegate.swift */; };
		EBC9BC0A287D6A6500052DF9 /* SceneDelegate.swift in Sources */ = {isa = PBXBuildFile; fileRef = EBC9BC09287D6A6500052DF9 /* SceneDelegate.swift */; };
		EBC9BC0C287D6A6500052DF9 /* LoginViewController.swift in Sources */ = {isa = PBXBuildFile; fileRef = EBC9BC0B287D6A6500052DF9 /* LoginViewController.swift */; };
		EBC9BC11287D6A6600052DF9 /* Assets.xcassets in Resources */ = {isa = PBXBuildFile; fileRef = EBC9BC10287D6A6600052DF9 /* Assets.xcassets */; };
		EBC9BC14287D6A6600052DF9 /* LaunchScreen.storyboard in Resources */ = {isa = PBXBuildFile; fileRef = EBC9BC12287D6A6600052DF9 /* LaunchScreen.storyboard */; };
		EBCB41D62886A2890008C827 /* RequestError.swift in Sources */ = {isa = PBXBuildFile; fileRef = EBCB41D52886A2890008C827 /* RequestError.swift */; };
		EBCB41D92886A3850008C827 /* LoginNetworkClient.swift in Sources */ = {isa = PBXBuildFile; fileRef = EBCB41D82886A3850008C827 /* LoginNetworkClient.swift */; };
		EBCB41DB2886A9D40008C827 /* LoginDataSource.swift in Sources */ = {isa = PBXBuildFile; fileRef = EBCB41DA2886A9D40008C827 /* LoginDataSource.swift */; };
		EBCB41DD2886B2420008C827 /* ServiceFactory.swift in Sources */ = {isa = PBXBuildFile; fileRef = EBCB41DC2886B2420008C827 /* ServiceFactory.swift */; };
		EBCB41DF2886B5A00008C827 /* LoginDataModel.swift in Sources */ = {isa = PBXBuildFile; fileRef = EBCB41DE2886B5A00008C827 /* LoginDataModel.swift */; };
/* End PBXBuildFile section */

/* Begin PBXFileReference section */
		EB059B4F28858FF70075AB21 /* SecureStorage.swift */ = {isa = PBXFileReference; lastKnownFileType = sourcecode.swift; path = SecureStorage.swift; sourceTree = "<group>"; };
		EB1BE4BC28815B3700E5865B /* UIImage+Extensions.swift */ = {isa = PBXFileReference; lastKnownFileType = sourcecode.swift; path = "UIImage+Extensions.swift"; sourceTree = "<group>"; };
		EB1BE4BE2881608C00E5865B /* CoordinatorProtocol.swift */ = {isa = PBXFileReference; lastKnownFileType = sourcecode.swift; path = CoordinatorProtocol.swift; sourceTree = "<group>"; };
		EB1BE4C42881805200E5865B /* Coordinator.swift */ = {isa = PBXFileReference; lastKnownFileType = sourcecode.swift; path = Coordinator.swift; sourceTree = "<group>"; };
		EB4E61A7287DBA84009A64E7 /* SourceSansPro-Regular.ttf */ = {isa = PBXFileReference; lastKnownFileType = file; path = "SourceSansPro-Regular.ttf"; sourceTree = "<group>"; };
		EB4E61A9287DBB20009A64E7 /* Fonts.swift */ = {isa = PBXFileReference; lastKnownFileType = sourcecode.swift; path = Fonts.swift; sourceTree = "<group>"; };
		EB4E61AB287DBDD7009A64E7 /* SourceSansPro-Bold.ttf */ = {isa = PBXFileReference; lastKnownFileType = file; path = "SourceSansPro-Bold.ttf"; sourceTree = "<group>"; };
		EB4E61AE287DC594009A64E7 /* ConstructViewsProtocol.swift */ = {isa = PBXFileReference; lastKnownFileType = sourcecode.swift; path = ConstructViewsProtocol.swift; sourceTree = "<group>"; };
		EB917E18287EB54C00ECD5AD /* UIColor+Extensions.swift */ = {isa = PBXFileReference; lastKnownFileType = sourcecode.swift; path = "UIColor+Extensions.swift"; sourceTree = "<group>"; };
		EB917E1B287ED42F00ECD5AD /* UIView+Extensions.swift */ = {isa = PBXFileReference; lastKnownFileType = sourcecode.swift; path = "UIView+Extensions.swift"; sourceTree = "<group>"; };
		EB917E1F287EF0E700ECD5AD /* SourceSansPro-SemiBold.ttf */ = {isa = PBXFileReference; lastKnownFileType = file; path = "SourceSansPro-SemiBold.ttf"; sourceTree = "<group>"; };
		EB917E22287EFDC200ECD5AD /* InputField.swift */ = {isa = PBXFileReference; lastKnownFileType = sourcecode.swift; path = InputField.swift; sourceTree = "<group>"; };
		EBADB54928855B9D00F7EF81 /* NetworkClient.swift */ = {isa = PBXFileReference; lastKnownFileType = sourcecode.swift; path = NetworkClient.swift; sourceTree = "<group>"; };
		EBADB54B2885603A00F7EF81 /* LoginViewModel.swift */ = {isa = PBXFileReference; lastKnownFileType = sourcecode.swift; path = LoginViewModel.swift; sourceTree = "<group>"; };
		EBADB54E2885630F00F7EF81 /* LoginRequestBody.swift */ = {isa = PBXFileReference; lastKnownFileType = sourcecode.swift; path = LoginRequestBody.swift; sourceTree = "<group>"; };
		EBADB55028856E5E00F7EF81 /* LoginUseCase.swift */ = {isa = PBXFileReference; lastKnownFileType = sourcecode.swift; path = LoginUseCase.swift; sourceTree = "<group>"; };
		EBADB5532885893300F7EF81 /* NetworkingConstants.swift */ = {isa = PBXFileReference; lastKnownFileType = sourcecode.swift; path = NetworkingConstants.swift; sourceTree = "<group>"; };
		EBADB556288589B000F7EF81 /* LoginResponseModel.swift */ = {isa = PBXFileReference; lastKnownFileType = sourcecode.swift; path = LoginResponseModel.swift; sourceTree = "<group>"; };
		EBADB55828858C6100F7EF81 /* Endpoint.swift */ = {isa = PBXFileReference; lastKnownFileType = sourcecode.swift; path = Endpoint.swift; sourceTree = "<group>"; };
		EBC9BC04287D6A6500052DF9 /* QuizApp.app */ = {isa = PBXFileReference; explicitFileType = wrapper.application; includeInIndex = 0; path = QuizApp.app; sourceTree = BUILT_PRODUCTS_DIR; };
		EBC9BC07287D6A6500052DF9 /* AppDelegate.swift */ = {isa = PBXFileReference; indentWidth = 4; lastKnownFileType = sourcecode.swift; path = AppDelegate.swift; sourceTree = "<group>"; tabWidth = 4; };
		EBC9BC09287D6A6500052DF9 /* SceneDelegate.swift */ = {isa = PBXFileReference; lastKnownFileType = sourcecode.swift; path = SceneDelegate.swift; sourceTree = "<group>"; };
		EBC9BC0B287D6A6500052DF9 /* LoginViewController.swift */ = {isa = PBXFileReference; lastKnownFileType = sourcecode.swift; path = LoginViewController.swift; sourceTree = "<group>"; };
		EBC9BC10287D6A6600052DF9 /* Assets.xcassets */ = {isa = PBXFileReference; lastKnownFileType = folder.assetcatalog; path = Assets.xcassets; sourceTree = "<group>"; };
		EBC9BC13287D6A6600052DF9 /* Base */ = {isa = PBXFileReference; lastKnownFileType = file.storyboard; name = Base; path = Base.lproj/LaunchScreen.storyboard; sourceTree = "<group>"; };
		EBC9BC15287D6A6600052DF9 /* Info.plist */ = {isa = PBXFileReference; lastKnownFileType = text.plist.xml; path = Info.plist; sourceTree = "<group>"; };
		EBCB41D52886A2890008C827 /* RequestError.swift */ = {isa = PBXFileReference; lastKnownFileType = sourcecode.swift; path = RequestError.swift; sourceTree = "<group>"; };
		EBCB41D82886A3850008C827 /* LoginNetworkClient.swift */ = {isa = PBXFileReference; lastKnownFileType = sourcecode.swift; path = LoginNetworkClient.swift; sourceTree = "<group>"; };
		EBCB41DA2886A9D40008C827 /* LoginDataSource.swift */ = {isa = PBXFileReference; lastKnownFileType = sourcecode.swift; path = LoginDataSource.swift; sourceTree = "<group>"; };
		EBCB41DC2886B2420008C827 /* ServiceFactory.swift */ = {isa = PBXFileReference; lastKnownFileType = sourcecode.swift; path = ServiceFactory.swift; sourceTree = "<group>"; };
		EBCB41DE2886B5A00008C827 /* LoginDataModel.swift */ = {isa = PBXFileReference; lastKnownFileType = sourcecode.swift; path = LoginDataModel.swift; sourceTree = "<group>"; };
/* End PBXFileReference section */

/* Begin PBXFrameworksBuildPhase section */
		EBC9BC01287D6A6500052DF9 /* Frameworks */ = {
			isa = PBXFrameworksBuildPhase;
			buildActionMask = 2147483647;
			files = (
				EB059B4E28858FE10075AB21 /* KeychainAccess in Frameworks */,
				EB4E61A5287DB92D009A64E7 /* SnapKit in Frameworks */,
			);
			runOnlyForDeploymentPostprocessing = 0;
		};
/* End PBXFrameworksBuildPhase section */

/* Begin PBXGroup section */
		EB1BE4C62881812700E5865B /* UI components */ = {
			isa = PBXGroup;
			children = (
				EB917E22287EFDC200ECD5AD /* InputField.swift */,
			);
			path = "UI components";
			sourceTree = "<group>";
		};
		EB4E6195287DB1E2009A64E7 /* App */ = {
			isa = PBXGroup;
			children = (
				EB917E21287EFDB100ECD5AD /* Common */,
				EBADB54828855B8A00F7EF81 /* Services */,
				EBADB54D288562FF00F7EF81 /* Networking */,
				EBCB41D72886A2BB0008C827 /* UseCase */,
				EB4E6196287DB1F4009A64E7 /* Screens */,
				EB4E61AD287DC546009A64E7 /* Protocols */,
			);
			path = App;
			sourceTree = "<group>";
		};
		EB4E6196287DB1F4009A64E7 /* Screens */ = {
			isa = PBXGroup;
			children = (
				EB4E6197287DB1FB009A64E7 /* Login */,
			);
			path = Screens;
			sourceTree = "<group>";
		};
		EB4E6197287DB1FB009A64E7 /* Login */ = {
			isa = PBXGroup;
			children = (
				EBC9BC0B287D6A6500052DF9 /* LoginViewController.swift */,
				EBADB54B2885603A00F7EF81 /* LoginViewModel.swift */,
			);
			path = Login;
			sourceTree = "<group>";
		};
		EB4E619A287DB4A2009A64E7 /* Resources */ = {
			isa = PBXGroup;
			children = (
				EB4E61A6287DBA6E009A64E7 /* Fonts */,
				EBC9BC10287D6A6600052DF9 /* Assets.xcassets */,
			);
			path = Resources;
			sourceTree = "<group>";
		};
		EB4E61A6287DBA6E009A64E7 /* Fonts */ = {
			isa = PBXGroup;
			children = (
				EB4E61A9287DBB20009A64E7 /* Fonts.swift */,
				EB4E61A7287DBA84009A64E7 /* SourceSansPro-Regular.ttf */,
				EB4E61AB287DBDD7009A64E7 /* SourceSansPro-Bold.ttf */,
				EB917E1F287EF0E700ECD5AD /* SourceSansPro-SemiBold.ttf */,
			);
			path = Fonts;
			sourceTree = "<group>";
		};
		EB4E61AD287DC546009A64E7 /* Protocols */ = {
			isa = PBXGroup;
			children = (
				EB4E61AE287DC594009A64E7 /* ConstructViewsProtocol.swift */,
				EB1BE4BE2881608C00E5865B /* CoordinatorProtocol.swift */,
			);
			path = Protocols;
			sourceTree = "<group>";
		};
		EB917E17287EB53900ECD5AD /* Extensions */ = {
			isa = PBXGroup;
			children = (
				EB917E1A287ED42500ECD5AD /* UIKit */,
			);
			path = Extensions;
			sourceTree = "<group>";
		};
		EB917E1A287ED42500ECD5AD /* UIKit */ = {
			isa = PBXGroup;
			children = (
				EB917E18287EB54C00ECD5AD /* UIColor+Extensions.swift */,
				EB1BE4BC28815B3700E5865B /* UIImage+Extensions.swift */,
				EB917E1B287ED42F00ECD5AD /* UIView+Extensions.swift */,
			);
			path = UIKit;
			sourceTree = "<group>";
		};
		EB917E21287EFDB100ECD5AD /* Common */ = {
			isa = PBXGroup;
			children = (
				EBC9BC07287D6A6500052DF9 /* AppDelegate.swift */,
				EBC9BC09287D6A6500052DF9 /* SceneDelegate.swift */,
				EB1BE4C42881805200E5865B /* Coordinator.swift */,
				EB1BE4C62881812700E5865B /* UI components */,
			);
			path = Common;
			sourceTree = "<group>";
		};
		EBADB54828855B8A00F7EF81 /* Services */ = {
			isa = PBXGroup;
			children = (
				EB059B4F28858FF70075AB21 /* SecureStorage.swift */,
				EBCB41DC2886B2420008C827 /* ServiceFactory.swift */,
			);
			path = Services;
			sourceTree = "<group>";
		};
		EBADB54D288562FF00F7EF81 /* Networking */ = {
			isa = PBXGroup;
			children = (
				EBADB55828858C6100F7EF81 /* Endpoint.swift */,
				EBADB5532885893300F7EF81 /* NetworkingConstants.swift */,
				EBADB54928855B9D00F7EF81 /* NetworkClient.swift */,
				EBCB41D52886A2890008C827 /* RequestError.swift */,
				EBADB5522885890100F7EF81 /* Models */,
				EBADB5552885898C00F7EF81 /* Login */,
			);
			path = Networking;
			sourceTree = "<group>";
		};
		EBADB5522885890100F7EF81 /* Models */ = {
			isa = PBXGroup;
			children = (
				EBADB556288589B000F7EF81 /* LoginResponseModel.swift */,
				EBCB41DE2886B5A00008C827 /* LoginDataModel.swift */,
			);
			path = Models;
			sourceTree = "<group>";
		};
		EBADB5552885898C00F7EF81 /* Login */ = {
			isa = PBXGroup;
			children = (
				EBADB54E2885630F00F7EF81 /* LoginRequestBody.swift */,
				EBCB41D82886A3850008C827 /* LoginNetworkClient.swift */,
				EBCB41DA2886A9D40008C827 /* LoginDataSource.swift */,
			);
			path = Login;
			sourceTree = "<group>";
		};
		EBC9BBFB287D6A6500052DF9 = {
			isa = PBXGroup;
			children = (
				EBC9BC06287D6A6500052DF9 /* QuizApp */,
				EBC9BC05287D6A6500052DF9 /* Products */,
			);
			indentWidth = 4;
			sourceTree = "<group>";
			tabWidth = 4;
			usesTabs = 0;
		};
		EBC9BC05287D6A6500052DF9 /* Products */ = {
			isa = PBXGroup;
			children = (
				EBC9BC04287D6A6500052DF9 /* QuizApp.app */,
			);
			name = Products;
			sourceTree = "<group>";
		};
		EBC9BC06287D6A6500052DF9 /* QuizApp */ = {
			isa = PBXGroup;
			children = (
				EB4E6195287DB1E2009A64E7 /* App */,
				EB917E17287EB53900ECD5AD /* Extensions */,
				EB4E619A287DB4A2009A64E7 /* Resources */,
				EBC9BC12287D6A6600052DF9 /* LaunchScreen.storyboard */,
				EBC9BC15287D6A6600052DF9 /* Info.plist */,
			);
			path = QuizApp;
			sourceTree = "<group>";
		};
		EBCB41D72886A2BB0008C827 /* UseCase */ = {
			isa = PBXGroup;
			children = (
				EBADB55028856E5E00F7EF81 /* LoginUseCase.swift */,
			);
			path = UseCase;
			sourceTree = "<group>";
		};
/* End PBXGroup section */

/* Begin PBXNativeTarget section */
		EBC9BC03287D6A6500052DF9 /* QuizApp */ = {
			isa = PBXNativeTarget;
			buildConfigurationList = EBC9BC18287D6A6600052DF9 /* Build configuration list for PBXNativeTarget "QuizApp" */;
			buildPhases = (
				EBC9BC00287D6A6500052DF9 /* Sources */,
				EBC9BC01287D6A6500052DF9 /* Frameworks */,
				EBC9BC02287D6A6500052DF9 /* Resources */,
				EB4E6194287DAB91009A64E7 /* ShellScript */,
			);
			buildRules = (
			);
			dependencies = (
			);
			name = QuizApp;
			packageProductDependencies = (
				EB4E61A4287DB92D009A64E7 /* SnapKit */,
				EB059B4D28858FE10075AB21 /* KeychainAccess */,
			);
			productName = QuizApp;
			productReference = EBC9BC04287D6A6500052DF9 /* QuizApp.app */;
			productType = "com.apple.product-type.application";
		};
/* End PBXNativeTarget section */

/* Begin PBXProject section */
		EBC9BBFC287D6A6500052DF9 /* Project object */ = {
			isa = PBXProject;
			attributes = {
				BuildIndependentTargetsInParallel = 1;
				LastSwiftUpdateCheck = 1340;
				LastUpgradeCheck = 1340;
				TargetAttributes = {
					EBC9BC03287D6A6500052DF9 = {
						CreatedOnToolsVersion = 13.4.1;
					};
				};
			};
			buildConfigurationList = EBC9BBFF287D6A6500052DF9 /* Build configuration list for PBXProject "QuizApp" */;
			compatibilityVersion = "Xcode 13.0";
			developmentRegion = en;
			hasScannedForEncodings = 0;
			knownRegions = (
				en,
				Base,
			);
			mainGroup = EBC9BBFB287D6A6500052DF9;
			packageReferences = (
				EB4E61A3287DB92D009A64E7 /* XCRemoteSwiftPackageReference "SnapKit" */,
				EB059B4C28858FE10075AB21 /* XCRemoteSwiftPackageReference "KeychainAccess" */,
			);
			productRefGroup = EBC9BC05287D6A6500052DF9 /* Products */;
			projectDirPath = "";
			projectRoot = "";
			targets = (
				EBC9BC03287D6A6500052DF9 /* QuizApp */,
			);
		};
/* End PBXProject section */

/* Begin PBXResourcesBuildPhase section */
		EBC9BC02287D6A6500052DF9 /* Resources */ = {
			isa = PBXResourcesBuildPhase;
			buildActionMask = 2147483647;
			files = (
				EBC9BC14287D6A6600052DF9 /* LaunchScreen.storyboard in Resources */,
				EBC9BC11287D6A6600052DF9 /* Assets.xcassets in Resources */,
				EB917E20287EF0E700ECD5AD /* SourceSansPro-SemiBold.ttf in Resources */,
				EB4E61A8287DBA84009A64E7 /* SourceSansPro-Regular.ttf in Resources */,
				EB4E61AC287DBDD7009A64E7 /* SourceSansPro-Bold.ttf in Resources */,
			);
			runOnlyForDeploymentPostprocessing = 0;
		};
/* End PBXResourcesBuildPhase section */

/* Begin PBXShellScriptBuildPhase section */
		EB4E6194287DAB91009A64E7 /* ShellScript */ = {
			isa = PBXShellScriptBuildPhase;
			buildActionMask = 2147483647;
			files = (
			);
			inputFileListPaths = (
			);
			inputPaths = (
			);
			outputFileListPaths = (
			);
			outputPaths = (
			);
			runOnlyForDeploymentPostprocessing = 0;
			shellPath = /bin/sh;
			shellScript = "export PATH=\"$PATH:/opt/homebrew/bin\"\nif which swiftlint > /dev/null; then\n  swiftlint\nelse\n  echo \"warning: SwiftLint not installed, download from https://github.com/realm/SwiftLint\"\nfi\n";
		};
/* End PBXShellScriptBuildPhase section */

/* Begin PBXSourcesBuildPhase section */
		EBC9BC00287D6A6500052DF9 /* Sources */ = {
			isa = PBXSourcesBuildPhase;
			buildActionMask = 2147483647;
			files = (
				EBC9BC0C287D6A6500052DF9 /* LoginViewController.swift in Sources */,
				EBCB41D92886A3850008C827 /* LoginNetworkClient.swift in Sources */,
				EBCB41DB2886A9D40008C827 /* LoginDataSource.swift in Sources */,
				EB1BE4C52881805200E5865B /* Coordinator.swift in Sources */,
				EB917E23287EFDC200ECD5AD /* InputField.swift in Sources */,
				EB1BE4BF2881608C00E5865B /* CoordinatorProtocol.swift in Sources */,
				EBC9BC08287D6A6500052DF9 /* AppDelegate.swift in Sources */,
				EBADB557288589B000F7EF81 /* LoginResponseModel.swift in Sources */,
				EBADB54F2885630F00F7EF81 /* LoginRequestBody.swift in Sources */,
				EB4E61AA287DBB20009A64E7 /* Fonts.swift in Sources */,
				EBADB55128856E5E00F7EF81 /* LoginUseCase.swift in Sources */,
				EB917E1C287ED42F00ECD5AD /* UIView+Extensions.swift in Sources */,
				EBADB55928858C6100F7EF81 /* Endpoint.swift in Sources */,
				EBADB5542885893300F7EF81 /* NetworkingConstants.swift in Sources */,
				EB917E19287EB54C00ECD5AD /* UIColor+Extensions.swift in Sources */,
				EBCB41DD2886B2420008C827 /* ServiceFactory.swift in Sources */,
				EBADB54C2885603A00F7EF81 /* LoginViewModel.swift in Sources */,
				EB059B5028858FF70075AB21 /* SecureStorage.swift in Sources */,
				EB1BE4BD28815B3700E5865B /* UIImage+Extensions.swift in Sources */,
				EBCB41DF2886B5A00008C827 /* LoginDataModel.swift in Sources */,
				EBCB41D62886A2890008C827 /* RequestError.swift in Sources */,
				EB4E61AF287DC594009A64E7 /* ConstructViewsProtocol.swift in Sources */,
				EBADB54A28855B9D00F7EF81 /* NetworkClient.swift in Sources */,
				EBC9BC0A287D6A6500052DF9 /* SceneDelegate.swift in Sources */,
			);
			runOnlyForDeploymentPostprocessing = 0;
		};
/* End PBXSourcesBuildPhase section */

/* Begin PBXVariantGroup section */
		EBC9BC12287D6A6600052DF9 /* LaunchScreen.storyboard */ = {
			isa = PBXVariantGroup;
			children = (
				EBC9BC13287D6A6600052DF9 /* Base */,
			);
			name = LaunchScreen.storyboard;
			sourceTree = "<group>";
		};
/* End PBXVariantGroup section */

/* Begin XCBuildConfiguration section */
		EBC9BC16287D6A6600052DF9 /* Debug */ = {
			isa = XCBuildConfiguration;
			buildSettings = {
				ALWAYS_SEARCH_USER_PATHS = NO;
				CLANG_ANALYZER_NONNULL = YES;
				CLANG_ANALYZER_NUMBER_OBJECT_CONVERSION = YES_AGGRESSIVE;
				CLANG_CXX_LANGUAGE_STANDARD = "gnu++17";
				CLANG_ENABLE_MODULES = YES;
				CLANG_ENABLE_OBJC_ARC = YES;
				CLANG_ENABLE_OBJC_WEAK = YES;
				CLANG_WARN_BLOCK_CAPTURE_AUTORELEASING = YES;
				CLANG_WARN_BOOL_CONVERSION = YES;
				CLANG_WARN_COMMA = YES;
				CLANG_WARN_CONSTANT_CONVERSION = YES;
				CLANG_WARN_DEPRECATED_OBJC_IMPLEMENTATIONS = YES;
				CLANG_WARN_DIRECT_OBJC_ISA_USAGE = YES_ERROR;
				CLANG_WARN_DOCUMENTATION_COMMENTS = YES;
				CLANG_WARN_EMPTY_BODY = YES;
				CLANG_WARN_ENUM_CONVERSION = YES;
				CLANG_WARN_INFINITE_RECURSION = YES;
				CLANG_WARN_INT_CONVERSION = YES;
				CLANG_WARN_NON_LITERAL_NULL_CONVERSION = YES;
				CLANG_WARN_OBJC_IMPLICIT_RETAIN_SELF = YES;
				CLANG_WARN_OBJC_LITERAL_CONVERSION = YES;
				CLANG_WARN_OBJC_ROOT_CLASS = YES_ERROR;
				CLANG_WARN_QUOTED_INCLUDE_IN_FRAMEWORK_HEADER = YES;
				CLANG_WARN_RANGE_LOOP_ANALYSIS = YES;
				CLANG_WARN_STRICT_PROTOTYPES = YES;
				CLANG_WARN_SUSPICIOUS_MOVE = YES;
				CLANG_WARN_UNGUARDED_AVAILABILITY = YES_AGGRESSIVE;
				CLANG_WARN_UNREACHABLE_CODE = YES;
				CLANG_WARN__DUPLICATE_METHOD_MATCH = YES;
				COPY_PHASE_STRIP = NO;
				DEBUG_INFORMATION_FORMAT = dwarf;
				ENABLE_STRICT_OBJC_MSGSEND = YES;
				ENABLE_TESTABILITY = YES;
				GCC_C_LANGUAGE_STANDARD = gnu11;
				GCC_DYNAMIC_NO_PIC = NO;
				GCC_NO_COMMON_BLOCKS = YES;
				GCC_OPTIMIZATION_LEVEL = 0;
				GCC_PREPROCESSOR_DEFINITIONS = (
					"DEBUG=1",
					"$(inherited)",
				);
				GCC_WARN_64_TO_32_BIT_CONVERSION = YES;
				GCC_WARN_ABOUT_RETURN_TYPE = YES_ERROR;
				GCC_WARN_UNDECLARED_SELECTOR = YES;
				GCC_WARN_UNINITIALIZED_AUTOS = YES_AGGRESSIVE;
				GCC_WARN_UNUSED_FUNCTION = YES;
				GCC_WARN_UNUSED_VARIABLE = YES;
				IPHONEOS_DEPLOYMENT_TARGET = 15.5;
				MTL_ENABLE_DEBUG_INFO = INCLUDE_SOURCE;
				MTL_FAST_MATH = YES;
				ONLY_ACTIVE_ARCH = YES;
				SDKROOT = iphoneos;
				SWIFT_ACTIVE_COMPILATION_CONDITIONS = DEBUG;
				SWIFT_OPTIMIZATION_LEVEL = "-Onone";
			};
			name = Debug;
		};
		EBC9BC17287D6A6600052DF9 /* Release */ = {
			isa = XCBuildConfiguration;
			buildSettings = {
				ALWAYS_SEARCH_USER_PATHS = NO;
				CLANG_ANALYZER_NONNULL = YES;
				CLANG_ANALYZER_NUMBER_OBJECT_CONVERSION = YES_AGGRESSIVE;
				CLANG_CXX_LANGUAGE_STANDARD = "gnu++17";
				CLANG_ENABLE_MODULES = YES;
				CLANG_ENABLE_OBJC_ARC = YES;
				CLANG_ENABLE_OBJC_WEAK = YES;
				CLANG_WARN_BLOCK_CAPTURE_AUTORELEASING = YES;
				CLANG_WARN_BOOL_CONVERSION = YES;
				CLANG_WARN_COMMA = YES;
				CLANG_WARN_CONSTANT_CONVERSION = YES;
				CLANG_WARN_DEPRECATED_OBJC_IMPLEMENTATIONS = YES;
				CLANG_WARN_DIRECT_OBJC_ISA_USAGE = YES_ERROR;
				CLANG_WARN_DOCUMENTATION_COMMENTS = YES;
				CLANG_WARN_EMPTY_BODY = YES;
				CLANG_WARN_ENUM_CONVERSION = YES;
				CLANG_WARN_INFINITE_RECURSION = YES;
				CLANG_WARN_INT_CONVERSION = YES;
				CLANG_WARN_NON_LITERAL_NULL_CONVERSION = YES;
				CLANG_WARN_OBJC_IMPLICIT_RETAIN_SELF = YES;
				CLANG_WARN_OBJC_LITERAL_CONVERSION = YES;
				CLANG_WARN_OBJC_ROOT_CLASS = YES_ERROR;
				CLANG_WARN_QUOTED_INCLUDE_IN_FRAMEWORK_HEADER = YES;
				CLANG_WARN_RANGE_LOOP_ANALYSIS = YES;
				CLANG_WARN_STRICT_PROTOTYPES = YES;
				CLANG_WARN_SUSPICIOUS_MOVE = YES;
				CLANG_WARN_UNGUARDED_AVAILABILITY = YES_AGGRESSIVE;
				CLANG_WARN_UNREACHABLE_CODE = YES;
				CLANG_WARN__DUPLICATE_METHOD_MATCH = YES;
				COPY_PHASE_STRIP = NO;
				DEBUG_INFORMATION_FORMAT = "dwarf-with-dsym";
				ENABLE_NS_ASSERTIONS = NO;
				ENABLE_STRICT_OBJC_MSGSEND = YES;
				GCC_C_LANGUAGE_STANDARD = gnu11;
				GCC_NO_COMMON_BLOCKS = YES;
				GCC_WARN_64_TO_32_BIT_CONVERSION = YES;
				GCC_WARN_ABOUT_RETURN_TYPE = YES_ERROR;
				GCC_WARN_UNDECLARED_SELECTOR = YES;
				GCC_WARN_UNINITIALIZED_AUTOS = YES_AGGRESSIVE;
				GCC_WARN_UNUSED_FUNCTION = YES;
				GCC_WARN_UNUSED_VARIABLE = YES;
				IPHONEOS_DEPLOYMENT_TARGET = 15.5;
				MTL_ENABLE_DEBUG_INFO = NO;
				MTL_FAST_MATH = YES;
				SDKROOT = iphoneos;
				SWIFT_COMPILATION_MODE = wholemodule;
				SWIFT_OPTIMIZATION_LEVEL = "-O";
				VALIDATE_PRODUCT = YES;
			};
			name = Release;
		};
		EBC9BC19287D6A6600052DF9 /* Debug */ = {
			isa = XCBuildConfiguration;
			buildSettings = {
				ASSETCATALOG_COMPILER_APPICON_NAME = AppIcon;
				ASSETCATALOG_COMPILER_GLOBAL_ACCENT_COLOR_NAME = AccentColor;
				CODE_SIGN_STYLE = Automatic;
				CURRENT_PROJECT_VERSION = 1;
				DEVELOPMENT_TEAM = 82QC5MNKCZ;
				GENERATE_INFOPLIST_FILE = YES;
				INFOPLIST_FILE = QuizApp/Info.plist;
				INFOPLIST_KEY_UIApplicationSupportsIndirectInputEvents = YES;
				INFOPLIST_KEY_UILaunchStoryboardName = LaunchScreen;
				INFOPLIST_KEY_UISupportedInterfaceOrientations_iPad = "UIInterfaceOrientationPortrait UIInterfaceOrientationPortraitUpsideDown UIInterfaceOrientationLandscapeLeft UIInterfaceOrientationLandscapeRight";
				INFOPLIST_KEY_UISupportedInterfaceOrientations_iPhone = "UIInterfaceOrientationPortrait UIInterfaceOrientationLandscapeLeft UIInterfaceOrientationLandscapeRight";
				IPHONEOS_DEPLOYMENT_TARGET = 15.0;
				LD_RUNPATH_SEARCH_PATHS = (
					"$(inherited)",
					"@executable_path/Frameworks",
				);
				MARKETING_VERSION = 1.0;
				PRODUCT_BUNDLE_IDENTIFIER = com.ivankulundzic.QuizApp;
				PRODUCT_NAME = "$(TARGET_NAME)";
				SWIFT_EMIT_LOC_STRINGS = YES;
				SWIFT_VERSION = 5.0;
				TARGETED_DEVICE_FAMILY = 1;
			};
			name = Debug;
		};
		EBC9BC1A287D6A6600052DF9 /* Release */ = {
			isa = XCBuildConfiguration;
			buildSettings = {
				ASSETCATALOG_COMPILER_APPICON_NAME = AppIcon;
				ASSETCATALOG_COMPILER_GLOBAL_ACCENT_COLOR_NAME = AccentColor;
				CODE_SIGN_STYLE = Automatic;
				CURRENT_PROJECT_VERSION = 1;
				DEVELOPMENT_TEAM = 82QC5MNKCZ;
				GENERATE_INFOPLIST_FILE = YES;
				INFOPLIST_FILE = QuizApp/Info.plist;
				INFOPLIST_KEY_UIApplicationSupportsIndirectInputEvents = YES;
				INFOPLIST_KEY_UILaunchStoryboardName = LaunchScreen;
				INFOPLIST_KEY_UISupportedInterfaceOrientations_iPad = "UIInterfaceOrientationPortrait UIInterfaceOrientationPortraitUpsideDown UIInterfaceOrientationLandscapeLeft UIInterfaceOrientationLandscapeRight";
				INFOPLIST_KEY_UISupportedInterfaceOrientations_iPhone = "UIInterfaceOrientationPortrait UIInterfaceOrientationLandscapeLeft UIInterfaceOrientationLandscapeRight";
				IPHONEOS_DEPLOYMENT_TARGET = 15.0;
				LD_RUNPATH_SEARCH_PATHS = (
					"$(inherited)",
					"@executable_path/Frameworks",
				);
				MARKETING_VERSION = 1.0;
				PRODUCT_BUNDLE_IDENTIFIER = com.ivankulundzic.QuizApp;
				PRODUCT_NAME = "$(TARGET_NAME)";
				SWIFT_EMIT_LOC_STRINGS = YES;
				SWIFT_VERSION = 5.0;
				TARGETED_DEVICE_FAMILY = 1;
			};
			name = Release;
		};
/* End XCBuildConfiguration section */

/* Begin XCConfigurationList section */
		EBC9BBFF287D6A6500052DF9 /* Build configuration list for PBXProject "QuizApp" */ = {
			isa = XCConfigurationList;
			buildConfigurations = (
				EBC9BC16287D6A6600052DF9 /* Debug */,
				EBC9BC17287D6A6600052DF9 /* Release */,
			);
			defaultConfigurationIsVisible = 0;
			defaultConfigurationName = Release;
		};
		EBC9BC18287D6A6600052DF9 /* Build configuration list for PBXNativeTarget "QuizApp" */ = {
			isa = XCConfigurationList;
			buildConfigurations = (
				EBC9BC19287D6A6600052DF9 /* Debug */,
				EBC9BC1A287D6A6600052DF9 /* Release */,
			);
			defaultConfigurationIsVisible = 0;
			defaultConfigurationName = Release;
		};
/* End XCConfigurationList section */

/* Begin XCRemoteSwiftPackageReference section */
		EB059B4C28858FE10075AB21 /* XCRemoteSwiftPackageReference "KeychainAccess" */ = {
			isa = XCRemoteSwiftPackageReference;
			repositoryURL = "https://github.com/kishikawakatsumi/KeychainAccess.git";
			requirement = {
				branch = master;
				kind = branch;
			};
		};
		EB4E61A3287DB92D009A64E7 /* XCRemoteSwiftPackageReference "SnapKit" */ = {
			isa = XCRemoteSwiftPackageReference;
			repositoryURL = "https://github.com/SnapKit/SnapKit.git";
			requirement = {
				kind = upToNextMajorVersion;
				minimumVersion = 5.0.0;
			};
		};
/* End XCRemoteSwiftPackageReference section */

/* Begin XCSwiftPackageProductDependency section */
		EB059B4D28858FE10075AB21 /* KeychainAccess */ = {
			isa = XCSwiftPackageProductDependency;
			package = EB059B4C28858FE10075AB21 /* XCRemoteSwiftPackageReference "KeychainAccess" */;
			productName = KeychainAccess;
		};
		EB4E61A4287DB92D009A64E7 /* SnapKit */ = {
			isa = XCSwiftPackageProductDependency;
			package = EB4E61A3287DB92D009A64E7 /* XCRemoteSwiftPackageReference "SnapKit" */;
			productName = SnapKit;
		};
/* End XCSwiftPackageProductDependency section */
	};
	rootObject = EBC9BBFC287D6A6500052DF9 /* Project object */;
}
